// !$*UTF8*$!
{
	archiveVersion = 1;
	classes = {
	};
	objectVersion = 55;
	objects = {

/* Begin PBXBuildFile section */
		4685EE2551ACCDD05BCD75E5 /* Pods_PokemonViewCodeAPITests.framework in Frameworks */ = {isa = PBXBuildFile; fileRef = 8124E5A3C38445631B4289B1 /* Pods_PokemonViewCodeAPITests.framework */; };
		9445820E28ABDC7C0055624D /* AppDelegate.swift in Sources */ = {isa = PBXBuildFile; fileRef = 9445820D28ABDC7C0055624D /* AppDelegate.swift */; };
		9445821028ABDC7C0055624D /* SceneDelegate.swift in Sources */ = {isa = PBXBuildFile; fileRef = 9445820F28ABDC7C0055624D /* SceneDelegate.swift */; };
		9445821228ABDC7C0055624D /* ViewController.swift in Sources */ = {isa = PBXBuildFile; fileRef = 9445821128ABDC7C0055624D /* ViewController.swift */; };
		9445821728ABDC7D0055624D /* Assets.xcassets in Resources */ = {isa = PBXBuildFile; fileRef = 9445821628ABDC7D0055624D /* Assets.xcassets */; };
		9445821A28ABDC7D0055624D /* LaunchScreen.storyboard in Resources */ = {isa = PBXBuildFile; fileRef = 9445821828ABDC7D0055624D /* LaunchScreen.storyboard */; };
		9445822528ABDC7D0055624D /* PokemonViewCodeAPITests.swift in Sources */ = {isa = PBXBuildFile; fileRef = 9445822428ABDC7D0055624D /* PokemonViewCodeAPITests.swift */; };
		9445822F28ABDC7D0055624D /* PokemonViewCodeAPIUITests.swift in Sources */ = {isa = PBXBuildFile; fileRef = 9445822E28ABDC7D0055624D /* PokemonViewCodeAPIUITests.swift */; };
		9445823128ABDC7D0055624D /* PokemonViewCodeAPIUITestsLaunchTests.swift in Sources */ = {isa = PBXBuildFile; fileRef = 9445823028ABDC7D0055624D /* PokemonViewCodeAPIUITestsLaunchTests.swift */; };
		9445824328ABDDC80055624D /* PokemonList.swift in Sources */ = {isa = PBXBuildFile; fileRef = 9445824228ABDDC80055624D /* PokemonList.swift */; };
		9445824528ABDE200055624D /* Result.swift in Sources */ = {isa = PBXBuildFile; fileRef = 9445824428ABDE200055624D /* Result.swift */; };
		9445824728ABDE890055624D /* RequestPokemon.swift in Sources */ = {isa = PBXBuildFile; fileRef = 9445824628ABDE890055624D /* RequestPokemon.swift */; };
		9445824928ABDF9E0055624D /* PokemonDetail.swift in Sources */ = {isa = PBXBuildFile; fileRef = 9445824828ABDF9E0055624D /* PokemonDetail.swift */; };
		9445824B28ABE0650055624D /* Ability.swift in Sources */ = {isa = PBXBuildFile; fileRef = 9445824A28ABE0650055624D /* Ability.swift */; };
		9445824D28ABE07D0055624D /* Species.swift in Sources */ = {isa = PBXBuildFile; fileRef = 9445824C28ABE07D0055624D /* Species.swift */; };
		9445824F28ABE0950055624D /* GameIndex.swift in Sources */ = {isa = PBXBuildFile; fileRef = 9445824E28ABE0950055624D /* GameIndex.swift */; };
		9445825128ABE0A80055624D /* Move.swift in Sources */ = {isa = PBXBuildFile; fileRef = 9445825028ABE0A80055624D /* Move.swift */; };
		9445825328ABE0D20055624D /* VersionGroupDetail.swift in Sources */ = {isa = PBXBuildFile; fileRef = 9445825228ABE0D20055624D /* VersionGroupDetail.swift */; };
		9445825528ABE0E70055624D /* GenerationV.swift in Sources */ = {isa = PBXBuildFile; fileRef = 9445825428ABE0E70055624D /* GenerationV.swift */; };
		9445825728ABE0FE0055624D /* GenerationIv.swift in Sources */ = {isa = PBXBuildFile; fileRef = 9445825628ABE0FE0055624D /* GenerationIv.swift */; };
		9445825928ABE11F0055624D /* Versions.swift in Sources */ = {isa = PBXBuildFile; fileRef = 9445825828ABE11F0055624D /* Versions.swift */; };
		9445825B28ABE1370055624D /* Sprites.swift in Sources */ = {isa = PBXBuildFile; fileRef = 9445825A28ABE1370055624D /* Sprites.swift */; };
		9445825D28ABE14C0055624D /* GenerationI.swift in Sources */ = {isa = PBXBuildFile; fileRef = 9445825C28ABE14C0055624D /* GenerationI.swift */; };
		9445825F28ABE1640055624D /* RedBlue.swift in Sources */ = {isa = PBXBuildFile; fileRef = 9445825E28ABE1640055624D /* RedBlue.swift */; };
		9445826128ABE1850055624D /* GenerationIi.swift in Sources */ = {isa = PBXBuildFile; fileRef = 9445826028ABE1850055624D /* GenerationIi.swift */; };
		9445826328ABE19C0055624D /* Crystal.swift in Sources */ = {isa = PBXBuildFile; fileRef = 9445826228ABE19C0055624D /* Crystal.swift */; };
		9445826528ABE1B90055624D /* Gold.swift in Sources */ = {isa = PBXBuildFile; fileRef = 9445826428ABE1B90055624D /* Gold.swift */; };
		9445826728ABE1CF0055624D /* GenerationIii.swift in Sources */ = {isa = PBXBuildFile; fileRef = 9445826628ABE1CF0055624D /* GenerationIii.swift */; };
		9445826928ABE1E20055624D /* Emerald.swift in Sources */ = {isa = PBXBuildFile; fileRef = 9445826828ABE1E20055624D /* Emerald.swift */; };
		9445826B28ABE1F50055624D /* Home.swift in Sources */ = {isa = PBXBuildFile; fileRef = 9445826A28ABE1F50055624D /* Home.swift */; };
		9445826D28ABE20F0055624D /* GenerationVii.swift in Sources */ = {isa = PBXBuildFile; fileRef = 9445826C28ABE20F0055624D /* GenerationVii.swift */; };
		9445826F28ABE2260055624D /* DreamWorld.swift in Sources */ = {isa = PBXBuildFile; fileRef = 9445826E28ABE2260055624D /* DreamWorld.swift */; };
		9445827128ABE2420055624D /* GenerationViii.swift in Sources */ = {isa = PBXBuildFile; fileRef = 9445827028ABE2420055624D /* GenerationViii.swift */; };
		9445827328ABE2570055624D /* Other.swift in Sources */ = {isa = PBXBuildFile; fileRef = 9445827228ABE2570055624D /* Other.swift */; };
		9445827528ABE2700055624D /* OfficialArtwork.swift in Sources */ = {isa = PBXBuildFile; fileRef = 9445827428ABE2700055624D /* OfficialArtwork.swift */; };
		9445827728ABE2870055624D /* Stat.swift in Sources */ = {isa = PBXBuildFile; fileRef = 9445827628ABE2870055624D /* Stat.swift */; };
		9445827928ABE2990055624D /* TypeElement.swift in Sources */ = {isa = PBXBuildFile; fileRef = 9445827828ABE2990055624D /* TypeElement.swift */; };
		C935AF553943E7CE7EB5E538 /* Pods_PokemonViewCodeAPI.framework in Frameworks */ = {isa = PBXBuildFile; fileRef = 3B20E26862F412015C7D478F /* Pods_PokemonViewCodeAPI.framework */; };
		E4CC2E447CA05C35FFBCF2C2 /* Pods_PokemonViewCodeAPI_PokemonViewCodeAPIUITests.framework in Frameworks */ = {isa = PBXBuildFile; fileRef = AA84401DA51D20D8FC2A7A89 /* Pods_PokemonViewCodeAPI_PokemonViewCodeAPIUITests.framework */; };
/* End PBXBuildFile section */

/* Begin PBXContainerItemProxy section */
		9445822128ABDC7D0055624D /* PBXContainerItemProxy */ = {
			isa = PBXContainerItemProxy;
			containerPortal = 9445820228ABDC7C0055624D /* Project object */;
			proxyType = 1;
			remoteGlobalIDString = 9445820928ABDC7C0055624D;
			remoteInfo = PokemonViewCodeAPI;
		};
		9445822B28ABDC7D0055624D /* PBXContainerItemProxy */ = {
			isa = PBXContainerItemProxy;
			containerPortal = 9445820228ABDC7C0055624D /* Project object */;
			proxyType = 1;
			remoteGlobalIDString = 9445820928ABDC7C0055624D;
			remoteInfo = PokemonViewCodeAPI;
		};
/* End PBXContainerItemProxy section */

/* Begin PBXFileReference section */
		07807502DDB51108947A39C7 /* Pods-PokemonViewCodeAPI-PokemonViewCodeAPIUITests.debug.xcconfig */ = {isa = PBXFileReference; includeInIndex = 1; lastKnownFileType = text.xcconfig; name = "Pods-PokemonViewCodeAPI-PokemonViewCodeAPIUITests.debug.xcconfig"; path = "Target Support Files/Pods-PokemonViewCodeAPI-PokemonViewCodeAPIUITests/Pods-PokemonViewCodeAPI-PokemonViewCodeAPIUITests.debug.xcconfig"; sourceTree = "<group>"; };
		3680F286DDFC9778A8081382 /* Pods-PokemonViewCodeAPI.release.xcconfig */ = {isa = PBXFileReference; includeInIndex = 1; lastKnownFileType = text.xcconfig; name = "Pods-PokemonViewCodeAPI.release.xcconfig"; path = "Target Support Files/Pods-PokemonViewCodeAPI/Pods-PokemonViewCodeAPI.release.xcconfig"; sourceTree = "<group>"; };
		3B20E26862F412015C7D478F /* Pods_PokemonViewCodeAPI.framework */ = {isa = PBXFileReference; explicitFileType = wrapper.framework; includeInIndex = 0; path = Pods_PokemonViewCodeAPI.framework; sourceTree = BUILT_PRODUCTS_DIR; };
		4F7A9C90FE32558C4D63D21C /* Pods-PokemonViewCodeAPITests.release.xcconfig */ = {isa = PBXFileReference; includeInIndex = 1; lastKnownFileType = text.xcconfig; name = "Pods-PokemonViewCodeAPITests.release.xcconfig"; path = "Target Support Files/Pods-PokemonViewCodeAPITests/Pods-PokemonViewCodeAPITests.release.xcconfig"; sourceTree = "<group>"; };
		66D9D3CC7E35A73930DB7C36 /* Pods-PokemonViewCodeAPI.debug.xcconfig */ = {isa = PBXFileReference; includeInIndex = 1; lastKnownFileType = text.xcconfig; name = "Pods-PokemonViewCodeAPI.debug.xcconfig"; path = "Target Support Files/Pods-PokemonViewCodeAPI/Pods-PokemonViewCodeAPI.debug.xcconfig"; sourceTree = "<group>"; };
		7E732735DD0F3FA25CEB6CA4 /* Pods-PokemonViewCodeAPITests.debug.xcconfig */ = {isa = PBXFileReference; includeInIndex = 1; lastKnownFileType = text.xcconfig; name = "Pods-PokemonViewCodeAPITests.debug.xcconfig"; path = "Target Support Files/Pods-PokemonViewCodeAPITests/Pods-PokemonViewCodeAPITests.debug.xcconfig"; sourceTree = "<group>"; };
		8124E5A3C38445631B4289B1 /* Pods_PokemonViewCodeAPITests.framework */ = {isa = PBXFileReference; explicitFileType = wrapper.framework; includeInIndex = 0; path = Pods_PokemonViewCodeAPITests.framework; sourceTree = BUILT_PRODUCTS_DIR; };
		9445820A28ABDC7C0055624D /* PokemonViewCodeAPI.app */ = {isa = PBXFileReference; explicitFileType = wrapper.application; includeInIndex = 0; path = PokemonViewCodeAPI.app; sourceTree = BUILT_PRODUCTS_DIR; };
		9445820D28ABDC7C0055624D /* AppDelegate.swift */ = {isa = PBXFileReference; lastKnownFileType = sourcecode.swift; path = AppDelegate.swift; sourceTree = "<group>"; };
		9445820F28ABDC7C0055624D /* SceneDelegate.swift */ = {isa = PBXFileReference; lastKnownFileType = sourcecode.swift; path = SceneDelegate.swift; sourceTree = "<group>"; };
		9445821128ABDC7C0055624D /* ViewController.swift */ = {isa = PBXFileReference; lastKnownFileType = sourcecode.swift; path = ViewController.swift; sourceTree = "<group>"; };
		9445821628ABDC7D0055624D /* Assets.xcassets */ = {isa = PBXFileReference; lastKnownFileType = folder.assetcatalog; path = Assets.xcassets; sourceTree = "<group>"; };
		9445821928ABDC7D0055624D /* Base */ = {isa = PBXFileReference; lastKnownFileType = file.storyboard; name = Base; path = Base.lproj/LaunchScreen.storyboard; sourceTree = "<group>"; };
		9445821B28ABDC7D0055624D /* Info.plist */ = {isa = PBXFileReference; lastKnownFileType = text.plist.xml; path = Info.plist; sourceTree = "<group>"; };
		9445822028ABDC7D0055624D /* PokemonViewCodeAPITests.xctest */ = {isa = PBXFileReference; explicitFileType = wrapper.cfbundle; includeInIndex = 0; path = PokemonViewCodeAPITests.xctest; sourceTree = BUILT_PRODUCTS_DIR; };
		9445822428ABDC7D0055624D /* PokemonViewCodeAPITests.swift */ = {isa = PBXFileReference; lastKnownFileType = sourcecode.swift; path = PokemonViewCodeAPITests.swift; sourceTree = "<group>"; };
		9445822A28ABDC7D0055624D /* PokemonViewCodeAPIUITests.xctest */ = {isa = PBXFileReference; explicitFileType = wrapper.cfbundle; includeInIndex = 0; path = PokemonViewCodeAPIUITests.xctest; sourceTree = BUILT_PRODUCTS_DIR; };
		9445822E28ABDC7D0055624D /* PokemonViewCodeAPIUITests.swift */ = {isa = PBXFileReference; lastKnownFileType = sourcecode.swift; path = PokemonViewCodeAPIUITests.swift; sourceTree = "<group>"; };
		9445823028ABDC7D0055624D /* PokemonViewCodeAPIUITestsLaunchTests.swift */ = {isa = PBXFileReference; lastKnownFileType = sourcecode.swift; path = PokemonViewCodeAPIUITestsLaunchTests.swift; sourceTree = "<group>"; };
		9445824228ABDDC80055624D /* PokemonList.swift */ = {isa = PBXFileReference; lastKnownFileType = sourcecode.swift; path = PokemonList.swift; sourceTree = "<group>"; };
		9445824428ABDE200055624D /* Result.swift */ = {isa = PBXFileReference; lastKnownFileType = sourcecode.swift; path = Result.swift; sourceTree = "<group>"; };
		9445824628ABDE890055624D /* RequestPokemon.swift */ = {isa = PBXFileReference; lastKnownFileType = sourcecode.swift; path = RequestPokemon.swift; sourceTree = "<group>"; };
		9445824828ABDF9E0055624D /* PokemonDetail.swift */ = {isa = PBXFileReference; lastKnownFileType = sourcecode.swift; path = PokemonDetail.swift; sourceTree = "<group>"; };
		9445824A28ABE0650055624D /* Ability.swift */ = {isa = PBXFileReference; lastKnownFileType = sourcecode.swift; path = Ability.swift; sourceTree = "<group>"; };
		9445824C28ABE07D0055624D /* Species.swift */ = {isa = PBXFileReference; lastKnownFileType = sourcecode.swift; path = Species.swift; sourceTree = "<group>"; };
		9445824E28ABE0950055624D /* GameIndex.swift */ = {isa = PBXFileReference; lastKnownFileType = sourcecode.swift; path = GameIndex.swift; sourceTree = "<group>"; };
		9445825028ABE0A80055624D /* Move.swift */ = {isa = PBXFileReference; lastKnownFileType = sourcecode.swift; path = Move.swift; sourceTree = "<group>"; };
		9445825228ABE0D20055624D /* VersionGroupDetail.swift */ = {isa = PBXFileReference; lastKnownFileType = sourcecode.swift; path = VersionGroupDetail.swift; sourceTree = "<group>"; };
		9445825428ABE0E70055624D /* GenerationV.swift */ = {isa = PBXFileReference; lastKnownFileType = sourcecode.swift; path = GenerationV.swift; sourceTree = "<group>"; };
		9445825628ABE0FE0055624D /* GenerationIv.swift */ = {isa = PBXFileReference; lastKnownFileType = sourcecode.swift; path = GenerationIv.swift; sourceTree = "<group>"; };
		9445825828ABE11F0055624D /* Versions.swift */ = {isa = PBXFileReference; lastKnownFileType = sourcecode.swift; path = Versions.swift; sourceTree = "<group>"; };
		9445825A28ABE1370055624D /* Sprites.swift */ = {isa = PBXFileReference; lastKnownFileType = sourcecode.swift; path = Sprites.swift; sourceTree = "<group>"; };
		9445825C28ABE14C0055624D /* GenerationI.swift */ = {isa = PBXFileReference; lastKnownFileType = sourcecode.swift; path = GenerationI.swift; sourceTree = "<group>"; };
		9445825E28ABE1640055624D /* RedBlue.swift */ = {isa = PBXFileReference; lastKnownFileType = sourcecode.swift; path = RedBlue.swift; sourceTree = "<group>"; };
		9445826028ABE1850055624D /* GenerationIi.swift */ = {isa = PBXFileReference; lastKnownFileType = sourcecode.swift; path = GenerationIi.swift; sourceTree = "<group>"; };
		9445826228ABE19C0055624D /* Crystal.swift */ = {isa = PBXFileReference; lastKnownFileType = sourcecode.swift; path = Crystal.swift; sourceTree = "<group>"; };
		9445826428ABE1B90055624D /* Gold.swift */ = {isa = PBXFileReference; lastKnownFileType = sourcecode.swift; path = Gold.swift; sourceTree = "<group>"; };
		9445826628ABE1CF0055624D /* GenerationIii.swift */ = {isa = PBXFileReference; lastKnownFileType = sourcecode.swift; path = GenerationIii.swift; sourceTree = "<group>"; };
		9445826828ABE1E20055624D /* Emerald.swift */ = {isa = PBXFileReference; lastKnownFileType = sourcecode.swift; path = Emerald.swift; sourceTree = "<group>"; };
		9445826A28ABE1F50055624D /* Home.swift */ = {isa = PBXFileReference; lastKnownFileType = sourcecode.swift; path = Home.swift; sourceTree = "<group>"; };
		9445826C28ABE20F0055624D /* GenerationVii.swift */ = {isa = PBXFileReference; lastKnownFileType = sourcecode.swift; path = GenerationVii.swift; sourceTree = "<group>"; };
		9445826E28ABE2260055624D /* DreamWorld.swift */ = {isa = PBXFileReference; lastKnownFileType = sourcecode.swift; path = DreamWorld.swift; sourceTree = "<group>"; };
		9445827028ABE2420055624D /* GenerationViii.swift */ = {isa = PBXFileReference; lastKnownFileType = sourcecode.swift; path = GenerationViii.swift; sourceTree = "<group>"; };
		9445827228ABE2570055624D /* Other.swift */ = {isa = PBXFileReference; lastKnownFileType = sourcecode.swift; path = Other.swift; sourceTree = "<group>"; };
		9445827428ABE2700055624D /* OfficialArtwork.swift */ = {isa = PBXFileReference; lastKnownFileType = sourcecode.swift; path = OfficialArtwork.swift; sourceTree = "<group>"; };
		9445827628ABE2870055624D /* Stat.swift */ = {isa = PBXFileReference; lastKnownFileType = sourcecode.swift; path = Stat.swift; sourceTree = "<group>"; };
		9445827828ABE2990055624D /* TypeElement.swift */ = {isa = PBXFileReference; lastKnownFileType = sourcecode.swift; path = TypeElement.swift; sourceTree = "<group>"; };
		AA84401DA51D20D8FC2A7A89 /* Pods_PokemonViewCodeAPI_PokemonViewCodeAPIUITests.framework */ = {isa = PBXFileReference; explicitFileType = wrapper.framework; includeInIndex = 0; path = Pods_PokemonViewCodeAPI_PokemonViewCodeAPIUITests.framework; sourceTree = BUILT_PRODUCTS_DIR; };
		EBEB8C836D3DF77E774E6813 /* Pods-PokemonViewCodeAPI-PokemonViewCodeAPIUITests.release.xcconfig */ = {isa = PBXFileReference; includeInIndex = 1; lastKnownFileType = text.xcconfig; name = "Pods-PokemonViewCodeAPI-PokemonViewCodeAPIUITests.release.xcconfig"; path = "Target Support Files/Pods-PokemonViewCodeAPI-PokemonViewCodeAPIUITests/Pods-PokemonViewCodeAPI-PokemonViewCodeAPIUITests.release.xcconfig"; sourceTree = "<group>"; };
/* End PBXFileReference section */

/* Begin PBXFrameworksBuildPhase section */
		9445820728ABDC7C0055624D /* Frameworks */ = {
			isa = PBXFrameworksBuildPhase;
			buildActionMask = 2147483647;
			files = (
				C935AF553943E7CE7EB5E538 /* Pods_PokemonViewCodeAPI.framework in Frameworks */,
			);
			runOnlyForDeploymentPostprocessing = 0;
		};
		9445821D28ABDC7D0055624D /* Frameworks */ = {
			isa = PBXFrameworksBuildPhase;
			buildActionMask = 2147483647;
			files = (
				4685EE2551ACCDD05BCD75E5 /* Pods_PokemonViewCodeAPITests.framework in Frameworks */,
			);
			runOnlyForDeploymentPostprocessing = 0;
		};
		9445822728ABDC7D0055624D /* Frameworks */ = {
			isa = PBXFrameworksBuildPhase;
			buildActionMask = 2147483647;
			files = (
				E4CC2E447CA05C35FFBCF2C2 /* Pods_PokemonViewCodeAPI_PokemonViewCodeAPIUITests.framework in Frameworks */,
			);
			runOnlyForDeploymentPostprocessing = 0;
		};
/* End PBXFrameworksBuildPhase section */

/* Begin PBXGroup section */
		9445820128ABDC7C0055624D = {
			isa = PBXGroup;
			children = (
				9445820C28ABDC7C0055624D /* PokemonViewCodeAPI */,
				9445822328ABDC7D0055624D /* PokemonViewCodeAPITests */,
				9445822D28ABDC7D0055624D /* PokemonViewCodeAPIUITests */,
				9445820B28ABDC7C0055624D /* Products */,
				9B1E7BC66EEA72DCA0064687 /* Pods */,
				D5F60861BBEDAFC95DE0E1C9 /* Frameworks */,
			);
			sourceTree = "<group>";
		};
		9445820B28ABDC7C0055624D /* Products */ = {
			isa = PBXGroup;
			children = (
				9445820A28ABDC7C0055624D /* PokemonViewCodeAPI.app */,
				9445822028ABDC7D0055624D /* PokemonViewCodeAPITests.xctest */,
				9445822A28ABDC7D0055624D /* PokemonViewCodeAPIUITests.xctest */,
			);
			name = Products;
			sourceTree = "<group>";
		};
		9445820C28ABDC7C0055624D /* PokemonViewCodeAPI */ = {
			isa = PBXGroup;
			children = (
				9445824128ABDD410055624D /* Request */,
				9445824028ABDD3E0055624D /* Resources */,
				9445823F28ABDD3C0055624D /* Model */,
				9445823E28ABDD380055624D /* View */,
				9445823D28ABDD360055624D /* Controller */,
				9445820D28ABDC7C0055624D /* AppDelegate.swift */,
				9445820F28ABDC7C0055624D /* SceneDelegate.swift */,
				9445821B28ABDC7D0055624D /* Info.plist */,
			);
			path = PokemonViewCodeAPI;
			sourceTree = "<group>";
		};
		9445822328ABDC7D0055624D /* PokemonViewCodeAPITests */ = {
			isa = PBXGroup;
			children = (
				9445822428ABDC7D0055624D /* PokemonViewCodeAPITests.swift */,
			);
			path = PokemonViewCodeAPITests;
			sourceTree = "<group>";
		};
		9445822D28ABDC7D0055624D /* PokemonViewCodeAPIUITests */ = {
			isa = PBXGroup;
			children = (
				9445822E28ABDC7D0055624D /* PokemonViewCodeAPIUITests.swift */,
				9445823028ABDC7D0055624D /* PokemonViewCodeAPIUITestsLaunchTests.swift */,
			);
			path = PokemonViewCodeAPIUITests;
			sourceTree = "<group>";
		};
		9445823D28ABDD360055624D /* Controller */ = {
			isa = PBXGroup;
			children = (
			);
			path = Controller;
			sourceTree = "<group>";
		};
		9445823E28ABDD380055624D /* View */ = {
			isa = PBXGroup;
			children = (
				9445821128ABDC7C0055624D /* ViewController.swift */,
			);
			path = View;
			sourceTree = "<group>";
		};
		9445823F28ABDD3C0055624D /* Model */ = {
			isa = PBXGroup;
			children = (
				9445824228ABDDC80055624D /* PokemonList.swift */,
				9445824428ABDE200055624D /* Result.swift */,
				9445824828ABDF9E0055624D /* PokemonDetail.swift */,
				9445824A28ABE0650055624D /* Ability.swift */,
				9445824C28ABE07D0055624D /* Species.swift */,
				9445824E28ABE0950055624D /* GameIndex.swift */,
				9445825028ABE0A80055624D /* Move.swift */,
				9445825228ABE0D20055624D /* VersionGroupDetail.swift */,
				9445825428ABE0E70055624D /* GenerationV.swift */,
				9445825628ABE0FE0055624D /* GenerationIv.swift */,
				9445825828ABE11F0055624D /* Versions.swift */,
				9445825A28ABE1370055624D /* Sprites.swift */,
				9445825C28ABE14C0055624D /* GenerationI.swift */,
				9445825E28ABE1640055624D /* RedBlue.swift */,
				9445826028ABE1850055624D /* GenerationIi.swift */,
				9445826228ABE19C0055624D /* Crystal.swift */,
				9445826428ABE1B90055624D /* Gold.swift */,
				9445826628ABE1CF0055624D /* GenerationIii.swift */,
				9445826828ABE1E20055624D /* Emerald.swift */,
				9445826A28ABE1F50055624D /* Home.swift */,
				9445826C28ABE20F0055624D /* GenerationVii.swift */,
				9445826E28ABE2260055624D /* DreamWorld.swift */,
				9445827028ABE2420055624D /* GenerationViii.swift */,
				9445827228ABE2570055624D /* Other.swift */,
				9445827428ABE2700055624D /* OfficialArtwork.swift */,
				9445827628ABE2870055624D /* Stat.swift */,
				9445827828ABE2990055624D /* TypeElement.swift */,
			);
			path = Model;
			sourceTree = "<group>";
		};
		9445824028ABDD3E0055624D /* Resources */ = {
			isa = PBXGroup;
			children = (
				9445821628ABDC7D0055624D /* Assets.xcassets */,
				9445821828ABDC7D0055624D /* LaunchScreen.storyboard */,
			);
			path = Resources;
			sourceTree = "<group>";
		};
		9445824128ABDD410055624D /* Request */ = {
			isa = PBXGroup;
			children = (
				9445824628ABDE890055624D /* RequestPokemon.swift */,
			);
			path = Request;
			sourceTree = "<group>";
		};
		9B1E7BC66EEA72DCA0064687 /* Pods */ = {
			isa = PBXGroup;
			children = (
				66D9D3CC7E35A73930DB7C36 /* Pods-PokemonViewCodeAPI.debug.xcconfig */,
				3680F286DDFC9778A8081382 /* Pods-PokemonViewCodeAPI.release.xcconfig */,
				07807502DDB51108947A39C7 /* Pods-PokemonViewCodeAPI-PokemonViewCodeAPIUITests.debug.xcconfig */,
				EBEB8C836D3DF77E774E6813 /* Pods-PokemonViewCodeAPI-PokemonViewCodeAPIUITests.release.xcconfig */,
				7E732735DD0F3FA25CEB6CA4 /* Pods-PokemonViewCodeAPITests.debug.xcconfig */,
				4F7A9C90FE32558C4D63D21C /* Pods-PokemonViewCodeAPITests.release.xcconfig */,
			);
			path = Pods;
			sourceTree = "<group>";
		};
		D5F60861BBEDAFC95DE0E1C9 /* Frameworks */ = {
			isa = PBXGroup;
			children = (
				3B20E26862F412015C7D478F /* Pods_PokemonViewCodeAPI.framework */,
				AA84401DA51D20D8FC2A7A89 /* Pods_PokemonViewCodeAPI_PokemonViewCodeAPIUITests.framework */,
				8124E5A3C38445631B4289B1 /* Pods_PokemonViewCodeAPITests.framework */,
			);
			name = Frameworks;
			sourceTree = "<group>";
		};
/* End PBXGroup section */

/* Begin PBXNativeTarget section */
		9445820928ABDC7C0055624D /* PokemonViewCodeAPI */ = {
			isa = PBXNativeTarget;
			buildConfigurationList = 9445823428ABDC7D0055624D /* Build configuration list for PBXNativeTarget "PokemonViewCodeAPI" */;
			buildPhases = (
				2EBAA42EA3BC5BD4FE0D9265 /* [CP] Check Pods Manifest.lock */,
				9445820628ABDC7C0055624D /* Sources */,
				9445820728ABDC7C0055624D /* Frameworks */,
				9445820828ABDC7C0055624D /* Resources */,
				582EA739FA851856105F8997 /* [CP] Embed Pods Frameworks */,
			);
			buildRules = (
			);
			dependencies = (
			);
			name = PokemonViewCodeAPI;
			productName = PokemonViewCodeAPI;
			productReference = 9445820A28ABDC7C0055624D /* PokemonViewCodeAPI.app */;
			productType = "com.apple.product-type.application";
		};
		9445821F28ABDC7D0055624D /* PokemonViewCodeAPITests */ = {
			isa = PBXNativeTarget;
			buildConfigurationList = 9445823728ABDC7D0055624D /* Build configuration list for PBXNativeTarget "PokemonViewCodeAPITests" */;
			buildPhases = (
				9739426CF3578B272D39B3FB /* [CP] Check Pods Manifest.lock */,
				9445821C28ABDC7D0055624D /* Sources */,
				9445821D28ABDC7D0055624D /* Frameworks */,
				9445821E28ABDC7D0055624D /* Resources */,
			);
			buildRules = (
			);
			dependencies = (
				9445822228ABDC7D0055624D /* PBXTargetDependency */,
			);
			name = PokemonViewCodeAPITests;
			productName = PokemonViewCodeAPITests;
			productReference = 9445822028ABDC7D0055624D /* PokemonViewCodeAPITests.xctest */;
			productType = "com.apple.product-type.bundle.unit-test";
		};
		9445822928ABDC7D0055624D /* PokemonViewCodeAPIUITests */ = {
			isa = PBXNativeTarget;
			buildConfigurationList = 9445823A28ABDC7D0055624D /* Build configuration list for PBXNativeTarget "PokemonViewCodeAPIUITests" */;
			buildPhases = (
				BCD0FDD30399364556876FCC /* [CP] Check Pods Manifest.lock */,
				9445822628ABDC7D0055624D /* Sources */,
				9445822728ABDC7D0055624D /* Frameworks */,
				9445822828ABDC7D0055624D /* Resources */,
				4C77FC3422062B906654A08D /* [CP] Embed Pods Frameworks */,
			);
			buildRules = (
			);
			dependencies = (
				9445822C28ABDC7D0055624D /* PBXTargetDependency */,
			);
			name = PokemonViewCodeAPIUITests;
			productName = PokemonViewCodeAPIUITests;
			productReference = 9445822A28ABDC7D0055624D /* PokemonViewCodeAPIUITests.xctest */;
			productType = "com.apple.product-type.bundle.ui-testing";
		};
/* End PBXNativeTarget section */

/* Begin PBXProject section */
		9445820228ABDC7C0055624D /* Project object */ = {
			isa = PBXProject;
			attributes = {
				BuildIndependentTargetsInParallel = 1;
				LastSwiftUpdateCheck = 1340;
				LastUpgradeCheck = 1340;
				TargetAttributes = {
					9445820928ABDC7C0055624D = {
						CreatedOnToolsVersion = 13.4.1;
					};
					9445821F28ABDC7D0055624D = {
						CreatedOnToolsVersion = 13.4.1;
						TestTargetID = 9445820928ABDC7C0055624D;
					};
					9445822928ABDC7D0055624D = {
						CreatedOnToolsVersion = 13.4.1;
						TestTargetID = 9445820928ABDC7C0055624D;
					};
				};
			};
			buildConfigurationList = 9445820528ABDC7C0055624D /* Build configuration list for PBXProject "PokemonViewCodeAPI" */;
			compatibilityVersion = "Xcode 13.0";
			developmentRegion = en;
			hasScannedForEncodings = 0;
			knownRegions = (
				en,
				Base,
			);
			mainGroup = 9445820128ABDC7C0055624D;
			productRefGroup = 9445820B28ABDC7C0055624D /* Products */;
			projectDirPath = "";
			projectRoot = "";
			targets = (
				9445820928ABDC7C0055624D /* PokemonViewCodeAPI */,
				9445821F28ABDC7D0055624D /* PokemonViewCodeAPITests */,
				9445822928ABDC7D0055624D /* PokemonViewCodeAPIUITests */,
			);
		};
/* End PBXProject section */

/* Begin PBXResourcesBuildPhase section */
		9445820828ABDC7C0055624D /* Resources */ = {
			isa = PBXResourcesBuildPhase;
			buildActionMask = 2147483647;
			files = (
				9445821A28ABDC7D0055624D /* LaunchScreen.storyboard in Resources */,
				9445821728ABDC7D0055624D /* Assets.xcassets in Resources */,
			);
			runOnlyForDeploymentPostprocessing = 0;
		};
		9445821E28ABDC7D0055624D /* Resources */ = {
			isa = PBXResourcesBuildPhase;
			buildActionMask = 2147483647;
			files = (
			);
			runOnlyForDeploymentPostprocessing = 0;
		};
		9445822828ABDC7D0055624D /* Resources */ = {
			isa = PBXResourcesBuildPhase;
			buildActionMask = 2147483647;
			files = (
			);
			runOnlyForDeploymentPostprocessing = 0;
		};
/* End PBXResourcesBuildPhase section */

/* Begin PBXShellScriptBuildPhase section */
		2EBAA42EA3BC5BD4FE0D9265 /* [CP] Check Pods Manifest.lock */ = {
			isa = PBXShellScriptBuildPhase;
			buildActionMask = 2147483647;
			files = (
			);
			inputFileListPaths = (
			);
			inputPaths = (
				"${PODS_PODFILE_DIR_PATH}/Podfile.lock",
				"${PODS_ROOT}/Manifest.lock",
			);
			name = "[CP] Check Pods Manifest.lock";
			outputFileListPaths = (
			);
			outputPaths = (
				"$(DERIVED_FILE_DIR)/Pods-PokemonViewCodeAPI-checkManifestLockResult.txt",
			);
			runOnlyForDeploymentPostprocessing = 0;
			shellPath = /bin/sh;
			shellScript = "diff \"${PODS_PODFILE_DIR_PATH}/Podfile.lock\" \"${PODS_ROOT}/Manifest.lock\" > /dev/null\nif [ $? != 0 ] ; then\n    # print error to STDERR\n    echo \"error: The sandbox is not in sync with the Podfile.lock. Run 'pod install' or update your CocoaPods installation.\" >&2\n    exit 1\nfi\n# This output is used by Xcode 'outputs' to avoid re-running this script phase.\necho \"SUCCESS\" > \"${SCRIPT_OUTPUT_FILE_0}\"\n";
			showEnvVarsInLog = 0;
		};
		4C77FC3422062B906654A08D /* [CP] Embed Pods Frameworks */ = {
			isa = PBXShellScriptBuildPhase;
			buildActionMask = 2147483647;
			files = (
			);
			inputFileListPaths = (
				"${PODS_ROOT}/Target Support Files/Pods-PokemonViewCodeAPI-PokemonViewCodeAPIUITests/Pods-PokemonViewCodeAPI-PokemonViewCodeAPIUITests-frameworks-${CONFIGURATION}-input-files.xcfilelist",
			);
			name = "[CP] Embed Pods Frameworks";
			outputFileListPaths = (
				"${PODS_ROOT}/Target Support Files/Pods-PokemonViewCodeAPI-PokemonViewCodeAPIUITests/Pods-PokemonViewCodeAPI-PokemonViewCodeAPIUITests-frameworks-${CONFIGURATION}-output-files.xcfilelist",
			);
			runOnlyForDeploymentPostprocessing = 0;
			shellPath = /bin/sh;
			shellScript = "\"${PODS_ROOT}/Target Support Files/Pods-PokemonViewCodeAPI-PokemonViewCodeAPIUITests/Pods-PokemonViewCodeAPI-PokemonViewCodeAPIUITests-frameworks.sh\"\n";
			showEnvVarsInLog = 0;
		};
		582EA739FA851856105F8997 /* [CP] Embed Pods Frameworks */ = {
			isa = PBXShellScriptBuildPhase;
			buildActionMask = 2147483647;
			files = (
			);
			inputFileListPaths = (
				"${PODS_ROOT}/Target Support Files/Pods-PokemonViewCodeAPI/Pods-PokemonViewCodeAPI-frameworks-${CONFIGURATION}-input-files.xcfilelist",
			);
			name = "[CP] Embed Pods Frameworks";
			outputFileListPaths = (
				"${PODS_ROOT}/Target Support Files/Pods-PokemonViewCodeAPI/Pods-PokemonViewCodeAPI-frameworks-${CONFIGURATION}-output-files.xcfilelist",
			);
			runOnlyForDeploymentPostprocessing = 0;
			shellPath = /bin/sh;
			shellScript = "\"${PODS_ROOT}/Target Support Files/Pods-PokemonViewCodeAPI/Pods-PokemonViewCodeAPI-frameworks.sh\"\n";
			showEnvVarsInLog = 0;
		};
		9739426CF3578B272D39B3FB /* [CP] Check Pods Manifest.lock */ = {
			isa = PBXShellScriptBuildPhase;
			buildActionMask = 2147483647;
			files = (
			);
			inputFileListPaths = (
			);
			inputPaths = (
				"${PODS_PODFILE_DIR_PATH}/Podfile.lock",
				"${PODS_ROOT}/Manifest.lock",
			);
			name = "[CP] Check Pods Manifest.lock";
			outputFileListPaths = (
			);
			outputPaths = (
				"$(DERIVED_FILE_DIR)/Pods-PokemonViewCodeAPITests-checkManifestLockResult.txt",
			);
			runOnlyForDeploymentPostprocessing = 0;
			shellPath = /bin/sh;
			shellScript = "diff \"${PODS_PODFILE_DIR_PATH}/Podfile.lock\" \"${PODS_ROOT}/Manifest.lock\" > /dev/null\nif [ $? != 0 ] ; then\n    # print error to STDERR\n    echo \"error: The sandbox is not in sync with the Podfile.lock. Run 'pod install' or update your CocoaPods installation.\" >&2\n    exit 1\nfi\n# This output is used by Xcode 'outputs' to avoid re-running this script phase.\necho \"SUCCESS\" > \"${SCRIPT_OUTPUT_FILE_0}\"\n";
			showEnvVarsInLog = 0;
		};
		BCD0FDD30399364556876FCC /* [CP] Check Pods Manifest.lock */ = {
			isa = PBXShellScriptBuildPhase;
			buildActionMask = 2147483647;
			files = (
			);
			inputFileListPaths = (
			);
			inputPaths = (
				"${PODS_PODFILE_DIR_PATH}/Podfile.lock",
				"${PODS_ROOT}/Manifest.lock",
			);
			name = "[CP] Check Pods Manifest.lock";
			outputFileListPaths = (
			);
			outputPaths = (
				"$(DERIVED_FILE_DIR)/Pods-PokemonViewCodeAPI-PokemonViewCodeAPIUITests-checkManifestLockResult.txt",
			);
			runOnlyForDeploymentPostprocessing = 0;
			shellPath = /bin/sh;
			shellScript = "diff \"${PODS_PODFILE_DIR_PATH}/Podfile.lock\" \"${PODS_ROOT}/Manifest.lock\" > /dev/null\nif [ $? != 0 ] ; then\n    # print error to STDERR\n    echo \"error: The sandbox is not in sync with the Podfile.lock. Run 'pod install' or update your CocoaPods installation.\" >&2\n    exit 1\nfi\n# This output is used by Xcode 'outputs' to avoid re-running this script phase.\necho \"SUCCESS\" > \"${SCRIPT_OUTPUT_FILE_0}\"\n";
			showEnvVarsInLog = 0;
		};
/* End PBXShellScriptBuildPhase section */

/* Begin PBXSourcesBuildPhase section */
		9445820628ABDC7C0055624D /* Sources */ = {
			isa = PBXSourcesBuildPhase;
			buildActionMask = 2147483647;
			files = (
				9445824F28ABE0950055624D /* GameIndex.swift in Sources */,
				9445826D28ABE20F0055624D /* GenerationVii.swift in Sources */,
				9445825328ABE0D20055624D /* VersionGroupDetail.swift in Sources */,
				9445827728ABE2870055624D /* Stat.swift in Sources */,
				9445825B28ABE1370055624D /* Sprites.swift in Sources */,
				9445826528ABE1B90055624D /* Gold.swift in Sources */,
				9445821228ABDC7C0055624D /* ViewController.swift in Sources */,
				9445824528ABDE200055624D /* Result.swift in Sources */,
				9445824928ABDF9E0055624D /* PokemonDetail.swift in Sources */,
				9445826F28ABE2260055624D /* DreamWorld.swift in Sources */,
				9445827528ABE2700055624D /* OfficialArtwork.swift in Sources */,
				9445824328ABDDC80055624D /* PokemonList.swift in Sources */,
				9445824728ABDE890055624D /* RequestPokemon.swift in Sources */,
				9445825528ABE0E70055624D /* GenerationV.swift in Sources */,
				9445827328ABE2570055624D /* Other.swift in Sources */,
				9445820E28ABDC7C0055624D /* AppDelegate.swift in Sources */,
				9445824B28ABE0650055624D /* Ability.swift in Sources */,
				9445825728ABE0FE0055624D /* GenerationIv.swift in Sources */,
				9445824D28ABE07D0055624D /* Species.swift in Sources */,
				9445825F28ABE1640055624D /* RedBlue.swift in Sources */,
				9445827928ABE2990055624D /* TypeElement.swift in Sources */,
				9445826728ABE1CF0055624D /* GenerationIii.swift in Sources */,
				9445825D28ABE14C0055624D /* GenerationI.swift in Sources */,
				9445821028ABDC7C0055624D /* SceneDelegate.swift in Sources */,
				9445826128ABE1850055624D /* GenerationIi.swift in Sources */,
				9445825928ABE11F0055624D /* Versions.swift in Sources */,
				9445826328ABE19C0055624D /* Crystal.swift in Sources */,
				9445826928ABE1E20055624D /* Emerald.swift in Sources */,
				9445827128ABE2420055624D /* GenerationViii.swift in Sources */,
				9445826B28ABE1F50055624D /* Home.swift in Sources */,
				9445825128ABE0A80055624D /* Move.swift in Sources */,
			);
			runOnlyForDeploymentPostprocessing = 0;
		};
		9445821C28ABDC7D0055624D /* Sources */ = {
			isa = PBXSourcesBuildPhase;
			buildActionMask = 2147483647;
			files = (
				9445822528ABDC7D0055624D /* PokemonViewCodeAPITests.swift in Sources */,
			);
			runOnlyForDeploymentPostprocessing = 0;
		};
		9445822628ABDC7D0055624D /* Sources */ = {
			isa = PBXSourcesBuildPhase;
			buildActionMask = 2147483647;
			files = (
				9445822F28ABDC7D0055624D /* PokemonViewCodeAPIUITests.swift in Sources */,
				9445823128ABDC7D0055624D /* PokemonViewCodeAPIUITestsLaunchTests.swift in Sources */,
			);
			runOnlyForDeploymentPostprocessing = 0;
		};
/* End PBXSourcesBuildPhase section */

/* Begin PBXTargetDependency section */
		9445822228ABDC7D0055624D /* PBXTargetDependency */ = {
			isa = PBXTargetDependency;
			target = 9445820928ABDC7C0055624D /* PokemonViewCodeAPI */;
			targetProxy = 9445822128ABDC7D0055624D /* PBXContainerItemProxy */;
		};
		9445822C28ABDC7D0055624D /* PBXTargetDependency */ = {
			isa = PBXTargetDependency;
			target = 9445820928ABDC7C0055624D /* PokemonViewCodeAPI */;
			targetProxy = 9445822B28ABDC7D0055624D /* PBXContainerItemProxy */;
		};
/* End PBXTargetDependency section */

/* Begin PBXVariantGroup section */
		9445821828ABDC7D0055624D /* LaunchScreen.storyboard */ = {
			isa = PBXVariantGroup;
			children = (
				9445821928ABDC7D0055624D /* Base */,
			);
			name = LaunchScreen.storyboard;
			sourceTree = "<group>";
		};
/* End PBXVariantGroup section */

/* Begin XCBuildConfiguration section */
		9445823228ABDC7D0055624D /* Debug */ = {
			isa = XCBuildConfiguration;
			buildSettings = {
				ALWAYS_SEARCH_USER_PATHS = NO;
				CLANG_ANALYZER_NONNULL = YES;
				CLANG_ANALYZER_NUMBER_OBJECT_CONVERSION = YES_AGGRESSIVE;
				CLANG_CXX_LANGUAGE_STANDARD = "gnu++17";
				CLANG_ENABLE_MODULES = YES;
				CLANG_ENABLE_OBJC_ARC = YES;
				CLANG_ENABLE_OBJC_WEAK = YES;
				CLANG_WARN_BLOCK_CAPTURE_AUTORELEASING = YES;
				CLANG_WARN_BOOL_CONVERSION = YES;
				CLANG_WARN_COMMA = YES;
				CLANG_WARN_CONSTANT_CONVERSION = YES;
				CLANG_WARN_DEPRECATED_OBJC_IMPLEMENTATIONS = YES;
				CLANG_WARN_DIRECT_OBJC_ISA_USAGE = YES_ERROR;
				CLANG_WARN_DOCUMENTATION_COMMENTS = YES;
				CLANG_WARN_EMPTY_BODY = YES;
				CLANG_WARN_ENUM_CONVERSION = YES;
				CLANG_WARN_INFINITE_RECURSION = YES;
				CLANG_WARN_INT_CONVERSION = YES;
				CLANG_WARN_NON_LITERAL_NULL_CONVERSION = YES;
				CLANG_WARN_OBJC_IMPLICIT_RETAIN_SELF = YES;
				CLANG_WARN_OBJC_LITERAL_CONVERSION = YES;
				CLANG_WARN_OBJC_ROOT_CLASS = YES_ERROR;
				CLANG_WARN_QUOTED_INCLUDE_IN_FRAMEWORK_HEADER = YES;
				CLANG_WARN_RANGE_LOOP_ANALYSIS = YES;
				CLANG_WARN_STRICT_PROTOTYPES = YES;
				CLANG_WARN_SUSPICIOUS_MOVE = YES;
				CLANG_WARN_UNGUARDED_AVAILABILITY = YES_AGGRESSIVE;
				CLANG_WARN_UNREACHABLE_CODE = YES;
				CLANG_WARN__DUPLICATE_METHOD_MATCH = YES;
				COPY_PHASE_STRIP = NO;
				DEBUG_INFORMATION_FORMAT = dwarf;
				ENABLE_STRICT_OBJC_MSGSEND = YES;
				ENABLE_TESTABILITY = YES;
				GCC_C_LANGUAGE_STANDARD = gnu11;
				GCC_DYNAMIC_NO_PIC = NO;
				GCC_NO_COMMON_BLOCKS = YES;
				GCC_OPTIMIZATION_LEVEL = 0;
				GCC_PREPROCESSOR_DEFINITIONS = (
					"DEBUG=1",
					"$(inherited)",
				);
				GCC_WARN_64_TO_32_BIT_CONVERSION = YES;
				GCC_WARN_ABOUT_RETURN_TYPE = YES_ERROR;
				GCC_WARN_UNDECLARED_SELECTOR = YES;
				GCC_WARN_UNINITIALIZED_AUTOS = YES_AGGRESSIVE;
				GCC_WARN_UNUSED_FUNCTION = YES;
				GCC_WARN_UNUSED_VARIABLE = YES;
				IPHONEOS_DEPLOYMENT_TARGET = 15.5;
				MTL_ENABLE_DEBUG_INFO = INCLUDE_SOURCE;
				MTL_FAST_MATH = YES;
				ONLY_ACTIVE_ARCH = YES;
				SDKROOT = iphoneos;
				SWIFT_ACTIVE_COMPILATION_CONDITIONS = DEBUG;
				SWIFT_OPTIMIZATION_LEVEL = "-Onone";
			};
			name = Debug;
		};
		9445823328ABDC7D0055624D /* Release */ = {
			isa = XCBuildConfiguration;
			buildSettings = {
				ALWAYS_SEARCH_USER_PATHS = NO;
				CLANG_ANALYZER_NONNULL = YES;
				CLANG_ANALYZER_NUMBER_OBJECT_CONVERSION = YES_AGGRESSIVE;
				CLANG_CXX_LANGUAGE_STANDARD = "gnu++17";
				CLANG_ENABLE_MODULES = YES;
				CLANG_ENABLE_OBJC_ARC = YES;
				CLANG_ENABLE_OBJC_WEAK = YES;
				CLANG_WARN_BLOCK_CAPTURE_AUTORELEASING = YES;
				CLANG_WARN_BOOL_CONVERSION = YES;
				CLANG_WARN_COMMA = YES;
				CLANG_WARN_CONSTANT_CONVERSION = YES;
				CLANG_WARN_DEPRECATED_OBJC_IMPLEMENTATIONS = YES;
				CLANG_WARN_DIRECT_OBJC_ISA_USAGE = YES_ERROR;
				CLANG_WARN_DOCUMENTATION_COMMENTS = YES;
				CLANG_WARN_EMPTY_BODY = YES;
				CLANG_WARN_ENUM_CONVERSION = YES;
				CLANG_WARN_INFINITE_RECURSION = YES;
				CLANG_WARN_INT_CONVERSION = YES;
				CLANG_WARN_NON_LITERAL_NULL_CONVERSION = YES;
				CLANG_WARN_OBJC_IMPLICIT_RETAIN_SELF = YES;
				CLANG_WARN_OBJC_LITERAL_CONVERSION = YES;
				CLANG_WARN_OBJC_ROOT_CLASS = YES_ERROR;
				CLANG_WARN_QUOTED_INCLUDE_IN_FRAMEWORK_HEADER = YES;
				CLANG_WARN_RANGE_LOOP_ANALYSIS = YES;
				CLANG_WARN_STRICT_PROTOTYPES = YES;
				CLANG_WARN_SUSPICIOUS_MOVE = YES;
				CLANG_WARN_UNGUARDED_AVAILABILITY = YES_AGGRESSIVE;
				CLANG_WARN_UNREACHABLE_CODE = YES;
				CLANG_WARN__DUPLICATE_METHOD_MATCH = YES;
				COPY_PHASE_STRIP = NO;
				DEBUG_INFORMATION_FORMAT = "dwarf-with-dsym";
				ENABLE_NS_ASSERTIONS = NO;
				ENABLE_STRICT_OBJC_MSGSEND = YES;
				GCC_C_LANGUAGE_STANDARD = gnu11;
				GCC_NO_COMMON_BLOCKS = YES;
				GCC_WARN_64_TO_32_BIT_CONVERSION = YES;
				GCC_WARN_ABOUT_RETURN_TYPE = YES_ERROR;
				GCC_WARN_UNDECLARED_SELECTOR = YES;
				GCC_WARN_UNINITIALIZED_AUTOS = YES_AGGRESSIVE;
				GCC_WARN_UNUSED_FUNCTION = YES;
				GCC_WARN_UNUSED_VARIABLE = YES;
				IPHONEOS_DEPLOYMENT_TARGET = 15.5;
				MTL_ENABLE_DEBUG_INFO = NO;
				MTL_FAST_MATH = YES;
				SDKROOT = iphoneos;
				SWIFT_COMPILATION_MODE = wholemodule;
				SWIFT_OPTIMIZATION_LEVEL = "-O";
				VALIDATE_PRODUCT = YES;
			};
			name = Release;
		};
		9445823528ABDC7D0055624D /* Debug */ = {
			isa = XCBuildConfiguration;
			baseConfigurationReference = 66D9D3CC7E35A73930DB7C36 /* Pods-PokemonViewCodeAPI.debug.xcconfig */;
			buildSettings = {
				ASSETCATALOG_COMPILER_APPICON_NAME = AppIcon;
				ASSETCATALOG_COMPILER_GLOBAL_ACCENT_COLOR_NAME = AccentColor;
				CODE_SIGN_STYLE = Automatic;
				CURRENT_PROJECT_VERSION = 1;
				GENERATE_INFOPLIST_FILE = YES;
				INFOPLIST_FILE = PokemonViewCodeAPI/Info.plist;
				INFOPLIST_KEY_UIApplicationSupportsIndirectInputEvents = YES;
				INFOPLIST_KEY_UILaunchStoryboardName = LaunchScreen;
				INFOPLIST_KEY_UISupportedInterfaceOrientations_iPad = "UIInterfaceOrientationPortrait UIInterfaceOrientationPortraitUpsideDown UIInterfaceOrientationLandscapeLeft UIInterfaceOrientationLandscapeRight";
				INFOPLIST_KEY_UISupportedInterfaceOrientations_iPhone = "UIInterfaceOrientationPortrait UIInterfaceOrientationLandscapeLeft UIInterfaceOrientationLandscapeRight";
				LD_RUNPATH_SEARCH_PATHS = (
					"$(inherited)",
					"@executable_path/Frameworks",
				);
				MARKETING_VERSION = 1.0;
				PRODUCT_BUNDLE_IDENTIFIER = giba.PokemonViewCodeAPI;
				PRODUCT_NAME = "$(TARGET_NAME)";
				SWIFT_EMIT_LOC_STRINGS = YES;
				SWIFT_VERSION = 5.0;
				TARGETED_DEVICE_FAMILY = "1,2";
			};
			name = Debug;
		};
		9445823628ABDC7D0055624D /* Release */ = {
			isa = XCBuildConfiguration;
			baseConfigurationReference = 3680F286DDFC9778A8081382 /* Pods-PokemonViewCodeAPI.release.xcconfig */;
			buildSettings = {
				ASSETCATALOG_COMPILER_APPICON_NAME = AppIcon;
				ASSETCATALOG_COMPILER_GLOBAL_ACCENT_COLOR_NAME = AccentColor;
				CODE_SIGN_STYLE = Automatic;
				CURRENT_PROJECT_VERSION = 1;
				GENERATE_INFOPLIST_FILE = YES;
				INFOPLIST_FILE = PokemonViewCodeAPI/Info.plist;
				INFOPLIST_KEY_UIApplicationSupportsIndirectInputEvents = YES;
				INFOPLIST_KEY_UILaunchStoryboardName = LaunchScreen;
				INFOPLIST_KEY_UISupportedInterfaceOrientations_iPad = "UIInterfaceOrientationPortrait UIInterfaceOrientationPortraitUpsideDown UIInterfaceOrientationLandscapeLeft UIInterfaceOrientationLandscapeRight";
				INFOPLIST_KEY_UISupportedInterfaceOrientations_iPhone = "UIInterfaceOrientationPortrait UIInterfaceOrientationLandscapeLeft UIInterfaceOrientationLandscapeRight";
				LD_RUNPATH_SEARCH_PATHS = (
					"$(inherited)",
					"@executable_path/Frameworks",
				);
				MARKETING_VERSION = 1.0;
				PRODUCT_BUNDLE_IDENTIFIER = giba.PokemonViewCodeAPI;
				PRODUCT_NAME = "$(TARGET_NAME)";
				SWIFT_EMIT_LOC_STRINGS = YES;
				SWIFT_VERSION = 5.0;
				TARGETED_DEVICE_FAMILY = "1,2";
			};
			name = Release;
		};
		9445823828ABDC7D0055624D /* Debug */ = {
			isa = XCBuildConfiguration;
			baseConfigurationReference = 7E732735DD0F3FA25CEB6CA4 /* Pods-PokemonViewCodeAPITests.debug.xcconfig */;
			buildSettings = {
				ALWAYS_EMBED_SWIFT_STANDARD_LIBRARIES = YES;
				BUNDLE_LOADER = "$(TEST_HOST)";
				CODE_SIGN_STYLE = Automatic;
				CURRENT_PROJECT_VERSION = 1;
				GENERATE_INFOPLIST_FILE = YES;
				IPHONEOS_DEPLOYMENT_TARGET = 15.5;
				MARKETING_VERSION = 1.0;
				PRODUCT_BUNDLE_IDENTIFIER = giba.PokemonViewCodeAPITests;
				PRODUCT_NAME = "$(TARGET_NAME)";
				SWIFT_EMIT_LOC_STRINGS = NO;
				SWIFT_VERSION = 5.0;
				TARGETED_DEVICE_FAMILY = "1,2";
				TEST_HOST = "$(BUILT_PRODUCTS_DIR)/PokemonViewCodeAPI.app/PokemonViewCodeAPI";
			};
			name = Debug;
		};
		9445823928ABDC7D0055624D /* Release */ = {
			isa = XCBuildConfiguration;
			baseConfigurationReference = 4F7A9C90FE32558C4D63D21C /* Pods-PokemonViewCodeAPITests.release.xcconfig */;
			buildSettings = {
				ALWAYS_EMBED_SWIFT_STANDARD_LIBRARIES = YES;
				BUNDLE_LOADER = "$(TEST_HOST)";
				CODE_SIGN_STYLE = Automatic;
				CURRENT_PROJECT_VERSION = 1;
				GENERATE_INFOPLIST_FILE = YES;
				IPHONEOS_DEPLOYMENT_TARGET = 15.5;
				MARKETING_VERSION = 1.0;
				PRODUCT_BUNDLE_IDENTIFIER = giba.PokemonViewCodeAPITests;
				PRODUCT_NAME = "$(TARGET_NAME)";
				SWIFT_EMIT_LOC_STRINGS = NO;
				SWIFT_VERSION = 5.0;
				TARGETED_DEVICE_FAMILY = "1,2";
				TEST_HOST = "$(BUILT_PRODUCTS_DIR)/PokemonViewCodeAPI.app/PokemonViewCodeAPI";
			};
			name = Release;
		};
		9445823B28ABDC7D0055624D /* Debug */ = {
			isa = XCBuildConfiguration;
			baseConfigurationReference = 07807502DDB51108947A39C7 /* Pods-PokemonViewCodeAPI-PokemonViewCodeAPIUITests.debug.xcconfig */;
			buildSettings = {
				ALWAYS_EMBED_SWIFT_STANDARD_LIBRARIES = YES;
				CODE_SIGN_STYLE = Automatic;
				CURRENT_PROJECT_VERSION = 1;
				GENERATE_INFOPLIST_FILE = YES;
				MARKETING_VERSION = 1.0;
				PRODUCT_BUNDLE_IDENTIFIER = giba.PokemonViewCodeAPIUITests;
				PRODUCT_NAME = "$(TARGET_NAME)";
				SWIFT_EMIT_LOC_STRINGS = NO;
				SWIFT_VERSION = 5.0;
				TARGETED_DEVICE_FAMILY = "1,2";
				TEST_TARGET_NAME = PokemonViewCodeAPI;
			};
			name = Debug;
		};
		9445823C28ABDC7D0055624D /* Release */ = {
			isa = XCBuildConfiguration;
			baseConfigurationReference = EBEB8C836D3DF77E774E6813 /* Pods-PokemonViewCodeAPI-PokemonViewCodeAPIUITests.release.xcconfig */;
			buildSettings = {
				ALWAYS_EMBED_SWIFT_STANDARD_LIBRARIES = YES;
				CODE_SIGN_STYLE = Automatic;
				CURRENT_PROJECT_VERSION = 1;
				GENERATE_INFOPLIST_FILE = YES;
				MARKETING_VERSION = 1.0;
				PRODUCT_BUNDLE_IDENTIFIER = giba.PokemonViewCodeAPIUITests;
				PRODUCT_NAME = "$(TARGET_NAME)";
				SWIFT_EMIT_LOC_STRINGS = NO;
				SWIFT_VERSION = 5.0;
				TARGETED_DEVICE_FAMILY = "1,2";
				TEST_TARGET_NAME = PokemonViewCodeAPI;
			};
			name = Release;
		};
/* End XCBuildConfiguration section */

/* Begin XCConfigurationList section */
		9445820528ABDC7C0055624D /* Build configuration list for PBXProject "PokemonViewCodeAPI" */ = {
			isa = XCConfigurationList;
			buildConfigurations = (
				9445823228ABDC7D0055624D /* Debug */,
				9445823328ABDC7D0055624D /* Release */,
			);
			defaultConfigurationIsVisible = 0;
			defaultConfigurationName = Release;
		};
		9445823428ABDC7D0055624D /* Build configuration list for PBXNativeTarget "PokemonViewCodeAPI" */ = {
			isa = XCConfigurationList;
			buildConfigurations = (
				9445823528ABDC7D0055624D /* Debug */,
				9445823628ABDC7D0055624D /* Release */,
			);
			defaultConfigurationIsVisible = 0;
			defaultConfigurationName = Release;
		};
		9445823728ABDC7D0055624D /* Build configuration list for PBXNativeTarget "PokemonViewCodeAPITests" */ = {
			isa = XCConfigurationList;
			buildConfigurations = (
				9445823828ABDC7D0055624D /* Debug */,
				9445823928ABDC7D0055624D /* Release */,
			);
			defaultConfigurationIsVisible = 0;
			defaultConfigurationName = Release;
		};
		9445823A28ABDC7D0055624D /* Build configuration list for PBXNativeTarget "PokemonViewCodeAPIUITests" */ = {
			isa = XCConfigurationList;
			buildConfigurations = (
				9445823B28ABDC7D0055624D /* Debug */,
				9445823C28ABDC7D0055624D /* Release */,
			);
			defaultConfigurationIsVisible = 0;
			defaultConfigurationName = Release;
		};
/* End XCConfigurationList section */
	};
	rootObject = 9445820228ABDC7C0055624D /* Project object */;
}
