// !$*UTF8*$!
{
	archiveVersion = 1;
	classes = {
	};
	objectVersion = 55;
	objects = {

/* Begin PBXBuildFile section */
		9445820E28ABDC7C0055624D /* AppDelegate.swift in Sources */ = {isa = PBXBuildFile; fileRef = 9445820D28ABDC7C0055624D /* AppDelegate.swift */; };
		9445821028ABDC7C0055624D /* SceneDelegate.swift in Sources */ = {isa = PBXBuildFile; fileRef = 9445820F28ABDC7C0055624D /* SceneDelegate.swift */; };
		9445821228ABDC7C0055624D /* ViewController.swift in Sources */ = {isa = PBXBuildFile; fileRef = 9445821128ABDC7C0055624D /* ViewController.swift */; };
		9445821528ABDC7C0055624D /* Main.storyboard in Resources */ = {isa = PBXBuildFile; fileRef = 9445821328ABDC7C0055624D /* Main.storyboard */; };
		9445821728ABDC7D0055624D /* Assets.xcassets in Resources */ = {isa = PBXBuildFile; fileRef = 9445821628ABDC7D0055624D /* Assets.xcassets */; };
		9445821A28ABDC7D0055624D /* LaunchScreen.storyboard in Resources */ = {isa = PBXBuildFile; fileRef = 9445821828ABDC7D0055624D /* LaunchScreen.storyboard */; };
		9445822528ABDC7D0055624D /* PokemonViewCodeAPITests.swift in Sources */ = {isa = PBXBuildFile; fileRef = 9445822428ABDC7D0055624D /* PokemonViewCodeAPITests.swift */; };
		9445822F28ABDC7D0055624D /* PokemonViewCodeAPIUITests.swift in Sources */ = {isa = PBXBuildFile; fileRef = 9445822E28ABDC7D0055624D /* PokemonViewCodeAPIUITests.swift */; };
		9445823128ABDC7D0055624D /* PokemonViewCodeAPIUITestsLaunchTests.swift in Sources */ = {isa = PBXBuildFile; fileRef = 9445823028ABDC7D0055624D /* PokemonViewCodeAPIUITestsLaunchTests.swift */; };
/* End PBXBuildFile section */

/* Begin PBXContainerItemProxy section */
		9445822128ABDC7D0055624D /* PBXContainerItemProxy */ = {
			isa = PBXContainerItemProxy;
			containerPortal = 9445820228ABDC7C0055624D /* Project object */;
			proxyType = 1;
			remoteGlobalIDString = 9445820928ABDC7C0055624D;
			remoteInfo = PokemonViewCodeAPI;
		};
		9445822B28ABDC7D0055624D /* PBXContainerItemProxy */ = {
			isa = PBXContainerItemProxy;
			containerPortal = 9445820228ABDC7C0055624D /* Project object */;
			proxyType = 1;
			remoteGlobalIDString = 9445820928ABDC7C0055624D;
			remoteInfo = PokemonViewCodeAPI;
		};
/* End PBXContainerItemProxy section */

/* Begin PBXFileReference section */
		9445820A28ABDC7C0055624D /* PokemonViewCodeAPI.app */ = {isa = PBXFileReference; explicitFileType = wrapper.application; includeInIndex = 0; path = PokemonViewCodeAPI.app; sourceTree = BUILT_PRODUCTS_DIR; };
		9445820D28ABDC7C0055624D /* AppDelegate.swift */ = {isa = PBXFileReference; lastKnownFileType = sourcecode.swift; path = AppDelegate.swift; sourceTree = "<group>"; };
		9445820F28ABDC7C0055624D /* SceneDelegate.swift */ = {isa = PBXFileReference; lastKnownFileType = sourcecode.swift; path = SceneDelegate.swift; sourceTree = "<group>"; };
		9445821128ABDC7C0055624D /* ViewController.swift */ = {isa = PBXFileReference; lastKnownFileType = sourcecode.swift; path = ViewController.swift; sourceTree = "<group>"; };
		9445821428ABDC7C0055624D /* Base */ = {isa = PBXFileReference; lastKnownFileType = file.storyboard; name = Base; path = Base.lproj/Main.storyboard; sourceTree = "<group>"; };
		9445821628ABDC7D0055624D /* Assets.xcassets */ = {isa = PBXFileReference; lastKnownFileType = folder.assetcatalog; path = Assets.xcassets; sourceTree = "<group>"; };
		9445821928ABDC7D0055624D /* Base */ = {isa = PBXFileReference; lastKnownFileType = file.storyboard; name = Base; path = Base.lproj/LaunchScreen.storyboard; sourceTree = "<group>"; };
		9445821B28ABDC7D0055624D /* Info.plist */ = {isa = PBXFileReference; lastKnownFileType = text.plist.xml; path = Info.plist; sourceTree = "<group>"; };
		9445822028ABDC7D0055624D /* PokemonViewCodeAPITests.xctest */ = {isa = PBXFileReference; explicitFileType = wrapper.cfbundle; includeInIndex = 0; path = PokemonViewCodeAPITests.xctest; sourceTree = BUILT_PRODUCTS_DIR; };
		9445822428ABDC7D0055624D /* PokemonViewCodeAPITests.swift */ = {isa = PBXFileReference; lastKnownFileType = sourcecode.swift; path = PokemonViewCodeAPITests.swift; sourceTree = "<group>"; };
		9445822A28ABDC7D0055624D /* PokemonViewCodeAPIUITests.xctest */ = {isa = PBXFileReference; explicitFileType = wrapper.cfbundle; includeInIndex = 0; path = PokemonViewCodeAPIUITests.xctest; sourceTree = BUILT_PRODUCTS_DIR; };
		9445822E28ABDC7D0055624D /* PokemonViewCodeAPIUITests.swift */ = {isa = PBXFileReference; lastKnownFileType = sourcecode.swift; path = PokemonViewCodeAPIUITests.swift; sourceTree = "<group>"; };
		9445823028ABDC7D0055624D /* PokemonViewCodeAPIUITestsLaunchTests.swift */ = {isa = PBXFileReference; lastKnownFileType = sourcecode.swift; path = PokemonViewCodeAPIUITestsLaunchTests.swift; sourceTree = "<group>"; };
/* End PBXFileReference section */

/* Begin PBXFrameworksBuildPhase section */
		9445820728ABDC7C0055624D /* Frameworks */ = {
			isa = PBXFrameworksBuildPhase;
			buildActionMask = 2147483647;
			files = (
			);
			runOnlyForDeploymentPostprocessing = 0;
		};
		9445821D28ABDC7D0055624D /* Frameworks */ = {
			isa = PBXFrameworksBuildPhase;
			buildActionMask = 2147483647;
			files = (
			);
			runOnlyForDeploymentPostprocessing = 0;
		};
		9445822728ABDC7D0055624D /* Frameworks */ = {
			isa = PBXFrameworksBuildPhase;
			buildActionMask = 2147483647;
			files = (
			);
			runOnlyForDeploymentPostprocessing = 0;
		};
/* End PBXFrameworksBuildPhase section */

/* Begin PBXGroup section */
		9445820128ABDC7C0055624D = {
			isa = PBXGroup;
			children = (
				9445820C28ABDC7C0055624D /* PokemonViewCodeAPI */,
				9445822328ABDC7D0055624D /* PokemonViewCodeAPITests */,
				9445822D28ABDC7D0055624D /* PokemonViewCodeAPIUITests */,
				9445820B28ABDC7C0055624D /* Products */,
			);
			sourceTree = "<group>";
		};
		9445820B28ABDC7C0055624D /* Products */ = {
			isa = PBXGroup;
			children = (
				9445820A28ABDC7C0055624D /* PokemonViewCodeAPI.app */,
				9445822028ABDC7D0055624D /* PokemonViewCodeAPITests.xctest */,
				9445822A28ABDC7D0055624D /* PokemonViewCodeAPIUITests.xctest */,
			);
			name = Products;
			sourceTree = "<group>";
		};
		9445820C28ABDC7C0055624D /* PokemonViewCodeAPI */ = {
			isa = PBXGroup;
			children = (
				9445820D28ABDC7C0055624D /* AppDelegate.swift */,
				9445820F28ABDC7C0055624D /* SceneDelegate.swift */,
				9445821128ABDC7C0055624D /* ViewController.swift */,
				9445821328ABDC7C0055624D /* Main.storyboard */,
				9445821628ABDC7D0055624D /* Assets.xcassets */,
				9445821828ABDC7D0055624D /* LaunchScreen.storyboard */,
				9445821B28ABDC7D0055624D /* Info.plist */,
			);
			path = PokemonViewCodeAPI;
			sourceTree = "<group>";
		};
		9445822328ABDC7D0055624D /* PokemonViewCodeAPITests */ = {
			isa = PBXGroup;
			children = (
				9445822428ABDC7D0055624D /* PokemonViewCodeAPITests.swift */,
			);
			path = PokemonViewCodeAPITests;
			sourceTree = "<group>";
		};
		9445822D28ABDC7D0055624D /* PokemonViewCodeAPIUITests */ = {
			isa = PBXGroup;
			children = (
				9445822E28ABDC7D0055624D /* PokemonViewCodeAPIUITests.swift */,
				9445823028ABDC7D0055624D /* PokemonViewCodeAPIUITestsLaunchTests.swift */,
			);
			path = PokemonViewCodeAPIUITests;
			sourceTree = "<group>";
		};
/* End PBXGroup section */

/* Begin PBXNativeTarget section */
		9445820928ABDC7C0055624D /* PokemonViewCodeAPI */ = {
			isa = PBXNativeTarget;
			buildConfigurationList = 9445823428ABDC7D0055624D /* Build configuration list for PBXNativeTarget "PokemonViewCodeAPI" */;
			buildPhases = (
				9445820628ABDC7C0055624D /* Sources */,
				9445820728ABDC7C0055624D /* Frameworks */,
				9445820828ABDC7C0055624D /* Resources */,
			);
			buildRules = (
			);
			dependencies = (
			);
			name = PokemonViewCodeAPI;
			productName = PokemonViewCodeAPI;
			productReference = 9445820A28ABDC7C0055624D /* PokemonViewCodeAPI.app */;
			productType = "com.apple.product-type.application";
		};
		9445821F28ABDC7D0055624D /* PokemonViewCodeAPITests */ = {
			isa = PBXNativeTarget;
			buildConfigurationList = 9445823728ABDC7D0055624D /* Build configuration list for PBXNativeTarget "PokemonViewCodeAPITests" */;
			buildPhases = (
				9445821C28ABDC7D0055624D /* Sources */,
				9445821D28ABDC7D0055624D /* Frameworks */,
				9445821E28ABDC7D0055624D /* Resources */,
			);
			buildRules = (
			);
			dependencies = (
				9445822228ABDC7D0055624D /* PBXTargetDependency */,
			);
			name = PokemonViewCodeAPITests;
			productName = PokemonViewCodeAPITests;
			productReference = 9445822028ABDC7D0055624D /* PokemonViewCodeAPITests.xctest */;
			productType = "com.apple.product-type.bundle.unit-test";
		};
		9445822928ABDC7D0055624D /* PokemonViewCodeAPIUITests */ = {
			isa = PBXNativeTarget;
			buildConfigurationList = 9445823A28ABDC7D0055624D /* Build configuration list for PBXNativeTarget "PokemonViewCodeAPIUITests" */;
			buildPhases = (
				9445822628ABDC7D0055624D /* Sources */,
				9445822728ABDC7D0055624D /* Frameworks */,
				9445822828ABDC7D0055624D /* Resources */,
			);
			buildRules = (
			);
			dependencies = (
				9445822C28ABDC7D0055624D /* PBXTargetDependency */,
			);
			name = PokemonViewCodeAPIUITests;
			productName = PokemonViewCodeAPIUITests;
			productReference = 9445822A28ABDC7D0055624D /* PokemonViewCodeAPIUITests.xctest */;
			productType = "com.apple.product-type.bundle.ui-testing";
		};
/* End PBXNativeTarget section */

/* Begin PBXProject section */
		9445820228ABDC7C0055624D /* Project object */ = {
			isa = PBXProject;
			attributes = {
				BuildIndependentTargetsInParallel = 1;
				LastSwiftUpdateCheck = 1340;
				LastUpgradeCheck = 1340;
				TargetAttributes = {
					9445820928ABDC7C0055624D = {
						CreatedOnToolsVersion = 13.4.1;
					};
					9445821F28ABDC7D0055624D = {
						CreatedOnToolsVersion = 13.4.1;
						TestTargetID = 9445820928ABDC7C0055624D;
					};
					9445822928ABDC7D0055624D = {
						CreatedOnToolsVersion = 13.4.1;
						TestTargetID = 9445820928ABDC7C0055624D;
					};
				};
			};
			buildConfigurationList = 9445820528ABDC7C0055624D /* Build configuration list for PBXProject "PokemonViewCodeAPI" */;
			compatibilityVersion = "Xcode 13.0";
			developmentRegion = en;
			hasScannedForEncodings = 0;
			knownRegions = (
				en,
				Base,
			);
			mainGroup = 9445820128ABDC7C0055624D;
			productRefGroup = 9445820B28ABDC7C0055624D /* Products */;
			projectDirPath = "";
			projectRoot = "";
			targets = (
				9445820928ABDC7C0055624D /* PokemonViewCodeAPI */,
				9445821F28ABDC7D0055624D /* PokemonViewCodeAPITests */,
				9445822928ABDC7D0055624D /* PokemonViewCodeAPIUITests */,
			);
		};
/* End PBXProject section */

/* Begin PBXResourcesBuildPhase section */
		9445820828ABDC7C0055624D /* Resources */ = {
			isa = PBXResourcesBuildPhase;
			buildActionMask = 2147483647;
			files = (
				9445821A28ABDC7D0055624D /* LaunchScreen.storyboard in Resources */,
				9445821728ABDC7D0055624D /* Assets.xcassets in Resources */,
				9445821528ABDC7C0055624D /* Main.storyboard in Resources */,
			);
			runOnlyForDeploymentPostprocessing = 0;
		};
		9445821E28ABDC7D0055624D /* Resources */ = {
			isa = PBXResourcesBuildPhase;
			buildActionMask = 2147483647;
			files = (
			);
			runOnlyForDeploymentPostprocessing = 0;
		};
		9445822828ABDC7D0055624D /* Resources */ = {
			isa = PBXResourcesBuildPhase;
			buildActionMask = 2147483647;
			files = (
			);
			runOnlyForDeploymentPostprocessing = 0;
		};
/* End PBXResourcesBuildPhase section */

/* Begin PBXSourcesBuildPhase section */
		9445820628ABDC7C0055624D /* Sources */ = {
			isa = PBXSourcesBuildPhase;
			buildActionMask = 2147483647;
			files = (
				9445821228ABDC7C0055624D /* ViewController.swift in Sources */,
				9445820E28ABDC7C0055624D /* AppDelegate.swift in Sources */,
				9445821028ABDC7C0055624D /* SceneDelegate.swift in Sources */,
			);
			runOnlyForDeploymentPostprocessing = 0;
		};
		9445821C28ABDC7D0055624D /* Sources */ = {
			isa = PBXSourcesBuildPhase;
			buildActionMask = 2147483647;
			files = (
				9445822528ABDC7D0055624D /* PokemonViewCodeAPITests.swift in Sources */,
			);
			runOnlyForDeploymentPostprocessing = 0;
		};
		9445822628ABDC7D0055624D /* Sources */ = {
			isa = PBXSourcesBuildPhase;
			buildActionMask = 2147483647;
			files = (
				9445822F28ABDC7D0055624D /* PokemonViewCodeAPIUITests.swift in Sources */,
				9445823128ABDC7D0055624D /* PokemonViewCodeAPIUITestsLaunchTests.swift in Sources */,
			);
			runOnlyForDeploymentPostprocessing = 0;
		};
/* End PBXSourcesBuildPhase section */

/* Begin PBXTargetDependency section */
		9445822228ABDC7D0055624D /* PBXTargetDependency */ = {
			isa = PBXTargetDependency;
			target = 9445820928ABDC7C0055624D /* PokemonViewCodeAPI */;
			targetProxy = 9445822128ABDC7D0055624D /* PBXContainerItemProxy */;
		};
		9445822C28ABDC7D0055624D /* PBXTargetDependency */ = {
			isa = PBXTargetDependency;
			target = 9445820928ABDC7C0055624D /* PokemonViewCodeAPI */;
			targetProxy = 9445822B28ABDC7D0055624D /* PBXContainerItemProxy */;
		};
/* End PBXTargetDependency section */

/* Begin PBXVariantGroup section */
		9445821328ABDC7C0055624D /* Main.storyboard */ = {
			isa = PBXVariantGroup;
			children = (
				9445821428ABDC7C0055624D /* Base */,
			);
			name = Main.storyboard;
			sourceTree = "<group>";
		};
		9445821828ABDC7D0055624D /* LaunchScreen.storyboard */ = {
			isa = PBXVariantGroup;
			children = (
				9445821928ABDC7D0055624D /* Base */,
			);
			name = LaunchScreen.storyboard;
			sourceTree = "<group>";
		};
/* End PBXVariantGroup section */

/* Begin XCBuildConfiguration section */
		9445823228ABDC7D0055624D /* Debug */ = {
			isa = XCBuildConfiguration;
			buildSettings = {
				ALWAYS_SEARCH_USER_PATHS = NO;
				CLANG_ANALYZER_NONNULL = YES;
				CLANG_ANALYZER_NUMBER_OBJECT_CONVERSION = YES_AGGRESSIVE;
				CLANG_CXX_LANGUAGE_STANDARD = "gnu++17";
				CLANG_ENABLE_MODULES = YES;
				CLANG_ENABLE_OBJC_ARC = YES;
				CLANG_ENABLE_OBJC_WEAK = YES;
				CLANG_WARN_BLOCK_CAPTURE_AUTORELEASING = YES;
				CLANG_WARN_BOOL_CONVERSION = YES;
				CLANG_WARN_COMMA = YES;
				CLANG_WARN_CONSTANT_CONVERSION = YES;
				CLANG_WARN_DEPRECATED_OBJC_IMPLEMENTATIONS = YES;
				CLANG_WARN_DIRECT_OBJC_ISA_USAGE = YES_ERROR;
				CLANG_WARN_DOCUMENTATION_COMMENTS = YES;
				CLANG_WARN_EMPTY_BODY = YES;
				CLANG_WARN_ENUM_CONVERSION = YES;
				CLANG_WARN_INFINITE_RECURSION = YES;
				CLANG_WARN_INT_CONVERSION = YES;
				CLANG_WARN_NON_LITERAL_NULL_CONVERSION = YES;
				CLANG_WARN_OBJC_IMPLICIT_RETAIN_SELF = YES;
				CLANG_WARN_OBJC_LITERAL_CONVERSION = YES;
				CLANG_WARN_OBJC_ROOT_CLASS = YES_ERROR;
				CLANG_WARN_QUOTED_INCLUDE_IN_FRAMEWORK_HEADER = YES;
				CLANG_WARN_RANGE_LOOP_ANALYSIS = YES;
				CLANG_WARN_STRICT_PROTOTYPES = YES;
				CLANG_WARN_SUSPICIOUS_MOVE = YES;
				CLANG_WARN_UNGUARDED_AVAILABILITY = YES_AGGRESSIVE;
				CLANG_WARN_UNREACHABLE_CODE = YES;
				CLANG_WARN__DUPLICATE_METHOD_MATCH = YES;
				COPY_PHASE_STRIP = NO;
				DEBUG_INFORMATION_FORMAT = dwarf;
				ENABLE_STRICT_OBJC_MSGSEND = YES;
				ENABLE_TESTABILITY = YES;
				GCC_C_LANGUAGE_STANDARD = gnu11;
				GCC_DYNAMIC_NO_PIC = NO;
				GCC_NO_COMMON_BLOCKS = YES;
				GCC_OPTIMIZATION_LEVEL = 0;
				GCC_PREPROCESSOR_DEFINITIONS = (
					"DEBUG=1",
					"$(inherited)",
				);
				GCC_WARN_64_TO_32_BIT_CONVERSION = YES;
				GCC_WARN_ABOUT_RETURN_TYPE = YES_ERROR;
				GCC_WARN_UNDECLARED_SELECTOR = YES;
				GCC_WARN_UNINITIALIZED_AUTOS = YES_AGGRESSIVE;
				GCC_WARN_UNUSED_FUNCTION = YES;
				GCC_WARN_UNUSED_VARIABLE = YES;
				IPHONEOS_DEPLOYMENT_TARGET = 15.5;
				MTL_ENABLE_DEBUG_INFO = INCLUDE_SOURCE;
				MTL_FAST_MATH = YES;
				ONLY_ACTIVE_ARCH = YES;
				SDKROOT = iphoneos;
				SWIFT_ACTIVE_COMPILATION_CONDITIONS = DEBUG;
				SWIFT_OPTIMIZATION_LEVEL = "-Onone";
			};
			name = Debug;
		};
		9445823328ABDC7D0055624D /* Release */ = {
			isa = XCBuildConfiguration;
			buildSettings = {
				ALWAYS_SEARCH_USER_PATHS = NO;
				CLANG_ANALYZER_NONNULL = YES;
				CLANG_ANALYZER_NUMBER_OBJECT_CONVERSION = YES_AGGRESSIVE;
				CLANG_CXX_LANGUAGE_STANDARD = "gnu++17";
				CLANG_ENABLE_MODULES = YES;
				CLANG_ENABLE_OBJC_ARC = YES;
				CLANG_ENABLE_OBJC_WEAK = YES;
				CLANG_WARN_BLOCK_CAPTURE_AUTORELEASING = YES;
				CLANG_WARN_BOOL_CONVERSION = YES;
				CLANG_WARN_COMMA = YES;
				CLANG_WARN_CONSTANT_CONVERSION = YES;
				CLANG_WARN_DEPRECATED_OBJC_IMPLEMENTATIONS = YES;
				CLANG_WARN_DIRECT_OBJC_ISA_USAGE = YES_ERROR;
				CLANG_WARN_DOCUMENTATION_COMMENTS = YES;
				CLANG_WARN_EMPTY_BODY = YES;
				CLANG_WARN_ENUM_CONVERSION = YES;
				CLANG_WARN_INFINITE_RECURSION = YES;
				CLANG_WARN_INT_CONVERSION = YES;
				CLANG_WARN_NON_LITERAL_NULL_CONVERSION = YES;
				CLANG_WARN_OBJC_IMPLICIT_RETAIN_SELF = YES;
				CLANG_WARN_OBJC_LITERAL_CONVERSION = YES;
				CLANG_WARN_OBJC_ROOT_CLASS = YES_ERROR;
				CLANG_WARN_QUOTED_INCLUDE_IN_FRAMEWORK_HEADER = YES;
				CLANG_WARN_RANGE_LOOP_ANALYSIS = YES;
				CLANG_WARN_STRICT_PROTOTYPES = YES;
				CLANG_WARN_SUSPICIOUS_MOVE = YES;
				CLANG_WARN_UNGUARDED_AVAILABILITY = YES_AGGRESSIVE;
				CLANG_WARN_UNREACHABLE_CODE = YES;
				CLANG_WARN__DUPLICATE_METHOD_MATCH = YES;
				COPY_PHASE_STRIP = NO;
				DEBUG_INFORMATION_FORMAT = "dwarf-with-dsym";
				ENABLE_NS_ASSERTIONS = NO;
				ENABLE_STRICT_OBJC_MSGSEND = YES;
				GCC_C_LANGUAGE_STANDARD = gnu11;
				GCC_NO_COMMON_BLOCKS = YES;
				GCC_WARN_64_TO_32_BIT_CONVERSION = YES;
				GCC_WARN_ABOUT_RETURN_TYPE = YES_ERROR;
				GCC_WARN_UNDECLARED_SELECTOR = YES;
				GCC_WARN_UNINITIALIZED_AUTOS = YES_AGGRESSIVE;
				GCC_WARN_UNUSED_FUNCTION = YES;
				GCC_WARN_UNUSED_VARIABLE = YES;
				IPHONEOS_DEPLOYMENT_TARGET = 15.5;
				MTL_ENABLE_DEBUG_INFO = NO;
				MTL_FAST_MATH = YES;
				SDKROOT = iphoneos;
				SWIFT_COMPILATION_MODE = wholemodule;
				SWIFT_OPTIMIZATION_LEVEL = "-O";
				VALIDATE_PRODUCT = YES;
			};
			name = Release;
		};
		9445823528ABDC7D0055624D /* Debug */ = {
			isa = XCBuildConfiguration;
			buildSettings = {
				ASSETCATALOG_COMPILER_APPICON_NAME = AppIcon;
				ASSETCATALOG_COMPILER_GLOBAL_ACCENT_COLOR_NAME = AccentColor;
				CODE_SIGN_STYLE = Automatic;
				CURRENT_PROJECT_VERSION = 1;
				GENERATE_INFOPLIST_FILE = YES;
				INFOPLIST_FILE = PokemonViewCodeAPI/Info.plist;
				INFOPLIST_KEY_UIApplicationSupportsIndirectInputEvents = YES;
				INFOPLIST_KEY_UILaunchStoryboardName = LaunchScreen;
				INFOPLIST_KEY_UIMainStoryboardFile = Main;
				INFOPLIST_KEY_UISupportedInterfaceOrientations_iPad = "UIInterfaceOrientationPortrait UIInterfaceOrientationPortraitUpsideDown UIInterfaceOrientationLandscapeLeft UIInterfaceOrientationLandscapeRight";
				INFOPLIST_KEY_UISupportedInterfaceOrientations_iPhone = "UIInterfaceOrientationPortrait UIInterfaceOrientationLandscapeLeft UIInterfaceOrientationLandscapeRight";
				LD_RUNPATH_SEARCH_PATHS = (
					"$(inherited)",
					"@executable_path/Frameworks",
				);
				MARKETING_VERSION = 1.0;
				PRODUCT_BUNDLE_IDENTIFIER = giba.PokemonViewCodeAPI;
				PRODUCT_NAME = "$(TARGET_NAME)";
				SWIFT_EMIT_LOC_STRINGS = YES;
				SWIFT_VERSION = 5.0;
				TARGETED_DEVICE_FAMILY = "1,2";
			};
			name = Debug;
		};
		9445823628ABDC7D0055624D /* Release */ = {
			isa = XCBuildConfiguration;
			buildSettings = {
				ASSETCATALOG_COMPILER_APPICON_NAME = AppIcon;
				ASSETCATALOG_COMPILER_GLOBAL_ACCENT_COLOR_NAME = AccentColor;
				CODE_SIGN_STYLE = Automatic;
				CURRENT_PROJECT_VERSION = 1;
				GENERATE_INFOPLIST_FILE = YES;
				INFOPLIST_FILE = PokemonViewCodeAPI/Info.plist;
				INFOPLIST_KEY_UIApplicationSupportsIndirectInputEvents = YES;
				INFOPLIST_KEY_UILaunchStoryboardName = LaunchScreen;
				INFOPLIST_KEY_UIMainStoryboardFile = Main;
				INFOPLIST_KEY_UISupportedInterfaceOrientations_iPad = "UIInterfaceOrientationPortrait UIInterfaceOrientationPortraitUpsideDown UIInterfaceOrientationLandscapeLeft UIInterfaceOrientationLandscapeRight";
				INFOPLIST_KEY_UISupportedInterfaceOrientations_iPhone = "UIInterfaceOrientationPortrait UIInterfaceOrientationLandscapeLeft UIInterfaceOrientationLandscapeRight";
				LD_RUNPATH_SEARCH_PATHS = (
					"$(inherited)",
					"@executable_path/Frameworks",
				);
				MARKETING_VERSION = 1.0;
				PRODUCT_BUNDLE_IDENTIFIER = giba.PokemonViewCodeAPI;
				PRODUCT_NAME = "$(TARGET_NAME)";
				SWIFT_EMIT_LOC_STRINGS = YES;
				SWIFT_VERSION = 5.0;
				TARGETED_DEVICE_FAMILY = "1,2";
			};
			name = Release;
		};
		9445823828ABDC7D0055624D /* Debug */ = {
			isa = XCBuildConfiguration;
			buildSettings = {
				ALWAYS_EMBED_SWIFT_STANDARD_LIBRARIES = YES;
				BUNDLE_LOADER = "$(TEST_HOST)";
				CODE_SIGN_STYLE = Automatic;
				CURRENT_PROJECT_VERSION = 1;
				GENERATE_INFOPLIST_FILE = YES;
				IPHONEOS_DEPLOYMENT_TARGET = 15.5;
				MARKETING_VERSION = 1.0;
				PRODUCT_BUNDLE_IDENTIFIER = giba.PokemonViewCodeAPITests;
				PRODUCT_NAME = "$(TARGET_NAME)";
				SWIFT_EMIT_LOC_STRINGS = NO;
				SWIFT_VERSION = 5.0;
				TARGETED_DEVICE_FAMILY = "1,2";
				TEST_HOST = "$(BUILT_PRODUCTS_DIR)/PokemonViewCodeAPI.app/PokemonViewCodeAPI";
			};
			name = Debug;
		};
		9445823928ABDC7D0055624D /* Release */ = {
			isa = XCBuildConfiguration;
			buildSettings = {
				ALWAYS_EMBED_SWIFT_STANDARD_LIBRARIES = YES;
				BUNDLE_LOADER = "$(TEST_HOST)";
				CODE_SIGN_STYLE = Automatic;
				CURRENT_PROJECT_VERSION = 1;
				GENERATE_INFOPLIST_FILE = YES;
				IPHONEOS_DEPLOYMENT_TARGET = 15.5;
				MARKETING_VERSION = 1.0;
				PRODUCT_BUNDLE_IDENTIFIER = giba.PokemonViewCodeAPITests;
				PRODUCT_NAME = "$(TARGET_NAME)";
				SWIFT_EMIT_LOC_STRINGS = NO;
				SWIFT_VERSION = 5.0;
				TARGETED_DEVICE_FAMILY = "1,2";
				TEST_HOST = "$(BUILT_PRODUCTS_DIR)/PokemonViewCodeAPI.app/PokemonViewCodeAPI";
			};
			name = Release;
		};
		9445823B28ABDC7D0055624D /* Debug */ = {
			isa = XCBuildConfiguration;
			buildSettings = {
				ALWAYS_EMBED_SWIFT_STANDARD_LIBRARIES = YES;
				CODE_SIGN_STYLE = Automatic;
				CURRENT_PROJECT_VERSION = 1;
				GENERATE_INFOPLIST_FILE = YES;
				MARKETING_VERSION = 1.0;
				PRODUCT_BUNDLE_IDENTIFIER = giba.PokemonViewCodeAPIUITests;
				PRODUCT_NAME = "$(TARGET_NAME)";
				SWIFT_EMIT_LOC_STRINGS = NO;
				SWIFT_VERSION = 5.0;
				TARGETED_DEVICE_FAMILY = "1,2";
				TEST_TARGET_NAME = PokemonViewCodeAPI;
			};
			name = Debug;
		};
		9445823C28ABDC7D0055624D /* Release */ = {
			isa = XCBuildConfiguration;
			buildSettings = {
				ALWAYS_EMBED_SWIFT_STANDARD_LIBRARIES = YES;
				CODE_SIGN_STYLE = Automatic;
				CURRENT_PROJECT_VERSION = 1;
				GENERATE_INFOPLIST_FILE = YES;
				MARKETING_VERSION = 1.0;
				PRODUCT_BUNDLE_IDENTIFIER = giba.PokemonViewCodeAPIUITests;
				PRODUCT_NAME = "$(TARGET_NAME)";
				SWIFT_EMIT_LOC_STRINGS = NO;
				SWIFT_VERSION = 5.0;
				TARGETED_DEVICE_FAMILY = "1,2";
				TEST_TARGET_NAME = PokemonViewCodeAPI;
			};
			name = Release;
		};
/* End XCBuildConfiguration section */

/* Begin XCConfigurationList section */
		9445820528ABDC7C0055624D /* Build configuration list for PBXProject "PokemonViewCodeAPI" */ = {
			isa = XCConfigurationList;
			buildConfigurations = (
				9445823228ABDC7D0055624D /* Debug */,
				9445823328ABDC7D0055624D /* Release */,
			);
			defaultConfigurationIsVisible = 0;
			defaultConfigurationName = Release;
		};
		9445823428ABDC7D0055624D /* Build configuration list for PBXNativeTarget "PokemonViewCodeAPI" */ = {
			isa = XCConfigurationList;
			buildConfigurations = (
				9445823528ABDC7D0055624D /* Debug */,
				9445823628ABDC7D0055624D /* Release */,
			);
			defaultConfigurationIsVisible = 0;
			defaultConfigurationName = Release;
		};
		9445823728ABDC7D0055624D /* Build configuration list for PBXNativeTarget "PokemonViewCodeAPITests" */ = {
			isa = XCConfigurationList;
			buildConfigurations = (
				9445823828ABDC7D0055624D /* Debug */,
				9445823928ABDC7D0055624D /* Release */,
			);
			defaultConfigurationIsVisible = 0;
			defaultConfigurationName = Release;
		};
		9445823A28ABDC7D0055624D /* Build configuration list for PBXNativeTarget "PokemonViewCodeAPIUITests" */ = {
			isa = XCConfigurationList;
			buildConfigurations = (
				9445823B28ABDC7D0055624D /* Debug */,
				9445823C28ABDC7D0055624D /* Release */,
			);
			defaultConfigurationIsVisible = 0;
			defaultConfigurationName = Release;
		};
/* End XCConfigurationList section */
	};
	rootObject = 9445820228ABDC7C0055624D /* Project object */;
}
