// !$*UTF8*$!
{
	archiveVersion = 1;
	classes = {
	};
	objectVersion = 55;
	objects = {

/* Begin PBXBuildFile section */
		2CA17043B8C427F621439F5D /* Pods_MoviesSky_MoviesSkyUITests.framework in Frameworks */ = {isa = PBXBuildFile; fileRef = 24D249FDA2D9257123FDDE74 /* Pods_MoviesSky_MoviesSkyUITests.framework */; };
		35642927067DD22832250DCD /* Pods_MoviesSky.framework in Frameworks */ = {isa = PBXBuildFile; fileRef = 5A76D373D5EA3B46A771DD46 /* Pods_MoviesSky.framework */; };
		9464AD51289787CB006DBA44 /* AppDelegate.swift in Sources */ = {isa = PBXBuildFile; fileRef = 9464AD50289787CB006DBA44 /* AppDelegate.swift */; };
		9464AD53289787CB006DBA44 /* SceneDelegate.swift in Sources */ = {isa = PBXBuildFile; fileRef = 9464AD52289787CB006DBA44 /* SceneDelegate.swift */; };
		9464AD55289787CB006DBA44 /* MoviesListViewController.swift in Sources */ = {isa = PBXBuildFile; fileRef = 9464AD54289787CB006DBA44 /* MoviesListViewController.swift */; };
		9464AD5A289787CC006DBA44 /* Assets.xcassets in Resources */ = {isa = PBXBuildFile; fileRef = 9464AD59289787CC006DBA44 /* Assets.xcassets */; };
		9464AD5D289787CC006DBA44 /* LaunchScreen.storyboard in Resources */ = {isa = PBXBuildFile; fileRef = 9464AD5B289787CC006DBA44 /* LaunchScreen.storyboard */; };
		9464AD68289787CC006DBA44 /* MoviesSkyTests.swift in Sources */ = {isa = PBXBuildFile; fileRef = 9464AD67289787CC006DBA44 /* MoviesSkyTests.swift */; };
		9464AD72289787CC006DBA44 /* MoviesSkyUITests.swift in Sources */ = {isa = PBXBuildFile; fileRef = 9464AD71289787CC006DBA44 /* MoviesSkyUITests.swift */; };
		9464AD74289787CC006DBA44 /* MoviesSkyUITestsLaunchTests.swift in Sources */ = {isa = PBXBuildFile; fileRef = 9464AD73289787CC006DBA44 /* MoviesSkyUITestsLaunchTests.swift */; };
		FFF2382F1481D819DA4BE124 /* Pods_MoviesSkyTests.framework in Frameworks */ = {isa = PBXBuildFile; fileRef = EC442B12F6B0C5382FF6FDE0 /* Pods_MoviesSkyTests.framework */; };
/* End PBXBuildFile section */

/* Begin PBXContainerItemProxy section */
		9464AD64289787CC006DBA44 /* PBXContainerItemProxy */ = {
			isa = PBXContainerItemProxy;
			containerPortal = 9464AD45289787CB006DBA44 /* Project object */;
			proxyType = 1;
			remoteGlobalIDString = 9464AD4C289787CB006DBA44;
			remoteInfo = MoviesSky;
		};
		9464AD6E289787CC006DBA44 /* PBXContainerItemProxy */ = {
			isa = PBXContainerItemProxy;
			containerPortal = 9464AD45289787CB006DBA44 /* Project object */;
			proxyType = 1;
			remoteGlobalIDString = 9464AD4C289787CB006DBA44;
			remoteInfo = MoviesSky;
		};
/* End PBXContainerItemProxy section */

/* Begin PBXFileReference section */
		11555163F72450367DEB79F0 /* Pods-MoviesSky-MoviesSkyUITests.release.xcconfig */ = {isa = PBXFileReference; includeInIndex = 1; lastKnownFileType = text.xcconfig; name = "Pods-MoviesSky-MoviesSkyUITests.release.xcconfig"; path = "Target Support Files/Pods-MoviesSky-MoviesSkyUITests/Pods-MoviesSky-MoviesSkyUITests.release.xcconfig"; sourceTree = "<group>"; };
		24D249FDA2D9257123FDDE74 /* Pods_MoviesSky_MoviesSkyUITests.framework */ = {isa = PBXFileReference; explicitFileType = wrapper.framework; includeInIndex = 0; path = Pods_MoviesSky_MoviesSkyUITests.framework; sourceTree = BUILT_PRODUCTS_DIR; };
		39294264538A21313813813C /* Pods-MoviesSky.release.xcconfig */ = {isa = PBXFileReference; includeInIndex = 1; lastKnownFileType = text.xcconfig; name = "Pods-MoviesSky.release.xcconfig"; path = "Target Support Files/Pods-MoviesSky/Pods-MoviesSky.release.xcconfig"; sourceTree = "<group>"; };
		570405F58E2E29D933DE834A /* Pods-MoviesSky-MoviesSkyUITests.debug.xcconfig */ = {isa = PBXFileReference; includeInIndex = 1; lastKnownFileType = text.xcconfig; name = "Pods-MoviesSky-MoviesSkyUITests.debug.xcconfig"; path = "Target Support Files/Pods-MoviesSky-MoviesSkyUITests/Pods-MoviesSky-MoviesSkyUITests.debug.xcconfig"; sourceTree = "<group>"; };
		5A76D373D5EA3B46A771DD46 /* Pods_MoviesSky.framework */ = {isa = PBXFileReference; explicitFileType = wrapper.framework; includeInIndex = 0; path = Pods_MoviesSky.framework; sourceTree = BUILT_PRODUCTS_DIR; };
		8BD7CED5D880C2311E8A5759 /* Pods-MoviesSkyTests.release.xcconfig */ = {isa = PBXFileReference; includeInIndex = 1; lastKnownFileType = text.xcconfig; name = "Pods-MoviesSkyTests.release.xcconfig"; path = "Target Support Files/Pods-MoviesSkyTests/Pods-MoviesSkyTests.release.xcconfig"; sourceTree = "<group>"; };
		9464AD4D289787CB006DBA44 /* MoviesSky.app */ = {isa = PBXFileReference; explicitFileType = wrapper.application; includeInIndex = 0; path = MoviesSky.app; sourceTree = BUILT_PRODUCTS_DIR; };
		9464AD50289787CB006DBA44 /* AppDelegate.swift */ = {isa = PBXFileReference; lastKnownFileType = sourcecode.swift; path = AppDelegate.swift; sourceTree = "<group>"; };
		9464AD52289787CB006DBA44 /* SceneDelegate.swift */ = {isa = PBXFileReference; lastKnownFileType = sourcecode.swift; path = SceneDelegate.swift; sourceTree = "<group>"; };
		9464AD54289787CB006DBA44 /* MoviesListViewController.swift */ = {isa = PBXFileReference; lastKnownFileType = sourcecode.swift; path = MoviesListViewController.swift; sourceTree = "<group>"; };
		9464AD59289787CC006DBA44 /* Assets.xcassets */ = {isa = PBXFileReference; lastKnownFileType = folder.assetcatalog; path = Assets.xcassets; sourceTree = "<group>"; };
		9464AD5C289787CC006DBA44 /* Base */ = {isa = PBXFileReference; lastKnownFileType = file.storyboard; name = Base; path = Base.lproj/LaunchScreen.storyboard; sourceTree = "<group>"; };
		9464AD5E289787CC006DBA44 /* Info.plist */ = {isa = PBXFileReference; lastKnownFileType = text.plist.xml; path = Info.plist; sourceTree = "<group>"; };
		9464AD63289787CC006DBA44 /* MoviesSkyTests.xctest */ = {isa = PBXFileReference; explicitFileType = wrapper.cfbundle; includeInIndex = 0; path = MoviesSkyTests.xctest; sourceTree = BUILT_PRODUCTS_DIR; };
		9464AD67289787CC006DBA44 /* MoviesSkyTests.swift */ = {isa = PBXFileReference; lastKnownFileType = sourcecode.swift; path = MoviesSkyTests.swift; sourceTree = "<group>"; };
		9464AD6D289787CC006DBA44 /* MoviesSkyUITests.xctest */ = {isa = PBXFileReference; explicitFileType = wrapper.cfbundle; includeInIndex = 0; path = MoviesSkyUITests.xctest; sourceTree = BUILT_PRODUCTS_DIR; };
		9464AD71289787CC006DBA44 /* MoviesSkyUITests.swift */ = {isa = PBXFileReference; lastKnownFileType = sourcecode.swift; path = MoviesSkyUITests.swift; sourceTree = "<group>"; };
		9464AD73289787CC006DBA44 /* MoviesSkyUITestsLaunchTests.swift */ = {isa = PBXFileReference; lastKnownFileType = sourcecode.swift; path = MoviesSkyUITestsLaunchTests.swift; sourceTree = "<group>"; };
		AAB454E942A9934A0E814E40 /* Pods-MoviesSky.debug.xcconfig */ = {isa = PBXFileReference; includeInIndex = 1; lastKnownFileType = text.xcconfig; name = "Pods-MoviesSky.debug.xcconfig"; path = "Target Support Files/Pods-MoviesSky/Pods-MoviesSky.debug.xcconfig"; sourceTree = "<group>"; };
		C9FE8F6EC4636591FCD2DA01 /* Pods-MoviesSkyTests.debug.xcconfig */ = {isa = PBXFileReference; includeInIndex = 1; lastKnownFileType = text.xcconfig; name = "Pods-MoviesSkyTests.debug.xcconfig"; path = "Target Support Files/Pods-MoviesSkyTests/Pods-MoviesSkyTests.debug.xcconfig"; sourceTree = "<group>"; };
		EC442B12F6B0C5382FF6FDE0 /* Pods_MoviesSkyTests.framework */ = {isa = PBXFileReference; explicitFileType = wrapper.framework; includeInIndex = 0; path = Pods_MoviesSkyTests.framework; sourceTree = BUILT_PRODUCTS_DIR; };
/* End PBXFileReference section */

/* Begin PBXFrameworksBuildPhase section */
		9464AD4A289787CB006DBA44 /* Frameworks */ = {
			isa = PBXFrameworksBuildPhase;
			buildActionMask = 2147483647;
			files = (
				35642927067DD22832250DCD /* Pods_MoviesSky.framework in Frameworks */,
			);
			runOnlyForDeploymentPostprocessing = 0;
		};
		9464AD60289787CC006DBA44 /* Frameworks */ = {
			isa = PBXFrameworksBuildPhase;
			buildActionMask = 2147483647;
			files = (
				FFF2382F1481D819DA4BE124 /* Pods_MoviesSkyTests.framework in Frameworks */,
			);
			runOnlyForDeploymentPostprocessing = 0;
		};
		9464AD6A289787CC006DBA44 /* Frameworks */ = {
			isa = PBXFrameworksBuildPhase;
			buildActionMask = 2147483647;
			files = (
				2CA17043B8C427F621439F5D /* Pods_MoviesSky_MoviesSkyUITests.framework in Frameworks */,
			);
			runOnlyForDeploymentPostprocessing = 0;
		};
/* End PBXFrameworksBuildPhase section */

/* Begin PBXGroup section */
		062267DE572ECBACE1C71E30 /* Frameworks */ = {
			isa = PBXGroup;
			children = (
				5A76D373D5EA3B46A771DD46 /* Pods_MoviesSky.framework */,
				24D249FDA2D9257123FDDE74 /* Pods_MoviesSky_MoviesSkyUITests.framework */,
				EC442B12F6B0C5382FF6FDE0 /* Pods_MoviesSkyTests.framework */,
			);
			name = Frameworks;
			sourceTree = "<group>";
		};
		4081263091A51B7E3D69F3CA /* Pods */ = {
			isa = PBXGroup;
			children = (
				AAB454E942A9934A0E814E40 /* Pods-MoviesSky.debug.xcconfig */,
				39294264538A21313813813C /* Pods-MoviesSky.release.xcconfig */,
				570405F58E2E29D933DE834A /* Pods-MoviesSky-MoviesSkyUITests.debug.xcconfig */,
				11555163F72450367DEB79F0 /* Pods-MoviesSky-MoviesSkyUITests.release.xcconfig */,
				C9FE8F6EC4636591FCD2DA01 /* Pods-MoviesSkyTests.debug.xcconfig */,
				8BD7CED5D880C2311E8A5759 /* Pods-MoviesSkyTests.release.xcconfig */,
			);
			path = Pods;
			sourceTree = "<group>";
		};
		9464AD44289787CB006DBA44 = {
			isa = PBXGroup;
			children = (
				9464AD4F289787CB006DBA44 /* MoviesSky */,
				9464AD66289787CC006DBA44 /* MoviesSkyTests */,
				9464AD70289787CC006DBA44 /* MoviesSkyUITests */,
				9464AD4E289787CB006DBA44 /* Products */,
				4081263091A51B7E3D69F3CA /* Pods */,
				062267DE572ECBACE1C71E30 /* Frameworks */,
			);
			sourceTree = "<group>";
		};
		9464AD4E289787CB006DBA44 /* Products */ = {
			isa = PBXGroup;
			children = (
				9464AD4D289787CB006DBA44 /* MoviesSky.app */,
				9464AD63289787CC006DBA44 /* MoviesSkyTests.xctest */,
				9464AD6D289787CC006DBA44 /* MoviesSkyUITests.xctest */,
			);
			name = Products;
			sourceTree = "<group>";
		};
		9464AD4F289787CB006DBA44 /* MoviesSky */ = {
			isa = PBXGroup;
			children = (
				9464AD84289788F3006DBA44 /* Request */,
				9464AD83289788F0006DBA44 /* Resources */,
				9464AD82289788ED006DBA44 /* Model */,
				9464AD81289788EB006DBA44 /* View */,
				9464AD80289788E8006DBA44 /* Controller */,
				9464AD50289787CB006DBA44 /* AppDelegate.swift */,
				9464AD52289787CB006DBA44 /* SceneDelegate.swift */,
				9464AD5E289787CC006DBA44 /* Info.plist */,
			);
			path = MoviesSky;
			sourceTree = "<group>";
		};
		9464AD66289787CC006DBA44 /* MoviesSkyTests */ = {
			isa = PBXGroup;
			children = (
				9464AD67289787CC006DBA44 /* MoviesSkyTests.swift */,
			);
			path = MoviesSkyTests;
			sourceTree = "<group>";
		};
		9464AD70289787CC006DBA44 /* MoviesSkyUITests */ = {
			isa = PBXGroup;
			children = (
				9464AD71289787CC006DBA44 /* MoviesSkyUITests.swift */,
				9464AD73289787CC006DBA44 /* MoviesSkyUITestsLaunchTests.swift */,
			);
			path = MoviesSkyUITests;
			sourceTree = "<group>";
		};
		9464AD80289788E8006DBA44 /* Controller */ = {
			isa = PBXGroup;
			children = (
			);
			path = Controller;
			sourceTree = "<group>";
		};
		9464AD81289788EB006DBA44 /* View */ = {
			isa = PBXGroup;
			children = (
				9464AD54289787CB006DBA44 /* MoviesListViewController.swift */,
			);
			path = View;
			sourceTree = "<group>";
		};
		9464AD82289788ED006DBA44 /* Model */ = {
			isa = PBXGroup;
			children = (
			);
			path = Model;
			sourceTree = "<group>";
		};
		9464AD83289788F0006DBA44 /* Resources */ = {
			isa = PBXGroup;
			children = (
				9464AD59289787CC006DBA44 /* Assets.xcassets */,
				9464AD5B289787CC006DBA44 /* LaunchScreen.storyboard */,
			);
			path = Resources;
			sourceTree = "<group>";
		};
		9464AD84289788F3006DBA44 /* Request */ = {
			isa = PBXGroup;
			children = (
			);
			path = Request;
			sourceTree = "<group>";
		};
/* End PBXGroup section */

/* Begin PBXNativeTarget section */
		9464AD4C289787CB006DBA44 /* MoviesSky */ = {
			isa = PBXNativeTarget;
			buildConfigurationList = 9464AD77289787CC006DBA44 /* Build configuration list for PBXNativeTarget "MoviesSky" */;
			buildPhases = (
				57608A863DF08A3988B0FBFC /* [CP] Check Pods Manifest.lock */,
				9464AD49289787CB006DBA44 /* Sources */,
				9464AD4A289787CB006DBA44 /* Frameworks */,
				9464AD4B289787CB006DBA44 /* Resources */,
				6473FB81AED26A07AF34AAA7 /* [CP] Embed Pods Frameworks */,
			);
			buildRules = (
			);
			dependencies = (
			);
			name = MoviesSky;
			productName = MoviesSky;
			productReference = 9464AD4D289787CB006DBA44 /* MoviesSky.app */;
			productType = "com.apple.product-type.application";
		};
		9464AD62289787CC006DBA44 /* MoviesSkyTests */ = {
			isa = PBXNativeTarget;
			buildConfigurationList = 9464AD7A289787CC006DBA44 /* Build configuration list for PBXNativeTarget "MoviesSkyTests" */;
			buildPhases = (
				51B5C58AD936A9FDAF90F63E /* [CP] Check Pods Manifest.lock */,
				9464AD5F289787CC006DBA44 /* Sources */,
				9464AD60289787CC006DBA44 /* Frameworks */,
				9464AD61289787CC006DBA44 /* Resources */,
			);
			buildRules = (
			);
			dependencies = (
				9464AD65289787CC006DBA44 /* PBXTargetDependency */,
			);
			name = MoviesSkyTests;
			productName = MoviesSkyTests;
			productReference = 9464AD63289787CC006DBA44 /* MoviesSkyTests.xctest */;
			productType = "com.apple.product-type.bundle.unit-test";
		};
		9464AD6C289787CC006DBA44 /* MoviesSkyUITests */ = {
			isa = PBXNativeTarget;
			buildConfigurationList = 9464AD7D289787CC006DBA44 /* Build configuration list for PBXNativeTarget "MoviesSkyUITests" */;
			buildPhases = (
				E661C4D5A45601DEA47FEAF0 /* [CP] Check Pods Manifest.lock */,
				9464AD69289787CC006DBA44 /* Sources */,
				9464AD6A289787CC006DBA44 /* Frameworks */,
				9464AD6B289787CC006DBA44 /* Resources */,
				7D38AE45007D60DCB66A542D /* [CP] Embed Pods Frameworks */,
			);
			buildRules = (
			);
			dependencies = (
				9464AD6F289787CC006DBA44 /* PBXTargetDependency */,
			);
			name = MoviesSkyUITests;
			productName = MoviesSkyUITests;
			productReference = 9464AD6D289787CC006DBA44 /* MoviesSkyUITests.xctest */;
			productType = "com.apple.product-type.bundle.ui-testing";
		};
/* End PBXNativeTarget section */

/* Begin PBXProject section */
		9464AD45289787CB006DBA44 /* Project object */ = {
			isa = PBXProject;
			attributes = {
				BuildIndependentTargetsInParallel = 1;
				LastSwiftUpdateCheck = 1340;
				LastUpgradeCheck = 1340;
				TargetAttributes = {
					9464AD4C289787CB006DBA44 = {
						CreatedOnToolsVersion = 13.4.1;
					};
					9464AD62289787CC006DBA44 = {
						CreatedOnToolsVersion = 13.4.1;
						TestTargetID = 9464AD4C289787CB006DBA44;
					};
					9464AD6C289787CC006DBA44 = {
						CreatedOnToolsVersion = 13.4.1;
						TestTargetID = 9464AD4C289787CB006DBA44;
					};
				};
			};
			buildConfigurationList = 9464AD48289787CB006DBA44 /* Build configuration list for PBXProject "MoviesSky" */;
			compatibilityVersion = "Xcode 13.0";
			developmentRegion = en;
			hasScannedForEncodings = 0;
			knownRegions = (
				en,
				Base,
			);
			mainGroup = 9464AD44289787CB006DBA44;
			productRefGroup = 9464AD4E289787CB006DBA44 /* Products */;
			projectDirPath = "";
			projectRoot = "";
			targets = (
				9464AD4C289787CB006DBA44 /* MoviesSky */,
				9464AD62289787CC006DBA44 /* MoviesSkyTests */,
				9464AD6C289787CC006DBA44 /* MoviesSkyUITests */,
			);
		};
/* End PBXProject section */

/* Begin PBXResourcesBuildPhase section */
		9464AD4B289787CB006DBA44 /* Resources */ = {
			isa = PBXResourcesBuildPhase;
			buildActionMask = 2147483647;
			files = (
				9464AD5D289787CC006DBA44 /* LaunchScreen.storyboard in Resources */,
				9464AD5A289787CC006DBA44 /* Assets.xcassets in Resources */,
			);
			runOnlyForDeploymentPostprocessing = 0;
		};
		9464AD61289787CC006DBA44 /* Resources */ = {
			isa = PBXResourcesBuildPhase;
			buildActionMask = 2147483647;
			files = (
			);
			runOnlyForDeploymentPostprocessing = 0;
		};
		9464AD6B289787CC006DBA44 /* Resources */ = {
			isa = PBXResourcesBuildPhase;
			buildActionMask = 2147483647;
			files = (
			);
			runOnlyForDeploymentPostprocessing = 0;
		};
/* End PBXResourcesBuildPhase section */

/* Begin PBXShellScriptBuildPhase section */
		51B5C58AD936A9FDAF90F63E /* [CP] Check Pods Manifest.lock */ = {
			isa = PBXShellScriptBuildPhase;
			buildActionMask = 2147483647;
			files = (
			);
			inputFileListPaths = (
			);
			inputPaths = (
				"${PODS_PODFILE_DIR_PATH}/Podfile.lock",
				"${PODS_ROOT}/Manifest.lock",
			);
			name = "[CP] Check Pods Manifest.lock";
			outputFileListPaths = (
			);
			outputPaths = (
				"$(DERIVED_FILE_DIR)/Pods-MoviesSkyTests-checkManifestLockResult.txt",
			);
			runOnlyForDeploymentPostprocessing = 0;
			shellPath = /bin/sh;
			shellScript = "diff \"${PODS_PODFILE_DIR_PATH}/Podfile.lock\" \"${PODS_ROOT}/Manifest.lock\" > /dev/null\nif [ $? != 0 ] ; then\n    # print error to STDERR\n    echo \"error: The sandbox is not in sync with the Podfile.lock. Run 'pod install' or update your CocoaPods installation.\" >&2\n    exit 1\nfi\n# This output is used by Xcode 'outputs' to avoid re-running this script phase.\necho \"SUCCESS\" > \"${SCRIPT_OUTPUT_FILE_0}\"\n";
			showEnvVarsInLog = 0;
		};
		57608A863DF08A3988B0FBFC /* [CP] Check Pods Manifest.lock */ = {
			isa = PBXShellScriptBuildPhase;
			buildActionMask = 2147483647;
			files = (
			);
			inputFileListPaths = (
			);
			inputPaths = (
				"${PODS_PODFILE_DIR_PATH}/Podfile.lock",
				"${PODS_ROOT}/Manifest.lock",
			);
			name = "[CP] Check Pods Manifest.lock";
			outputFileListPaths = (
			);
			outputPaths = (
				"$(DERIVED_FILE_DIR)/Pods-MoviesSky-checkManifestLockResult.txt",
			);
			runOnlyForDeploymentPostprocessing = 0;
			shellPath = /bin/sh;
			shellScript = "diff \"${PODS_PODFILE_DIR_PATH}/Podfile.lock\" \"${PODS_ROOT}/Manifest.lock\" > /dev/null\nif [ $? != 0 ] ; then\n    # print error to STDERR\n    echo \"error: The sandbox is not in sync with the Podfile.lock. Run 'pod install' or update your CocoaPods installation.\" >&2\n    exit 1\nfi\n# This output is used by Xcode 'outputs' to avoid re-running this script phase.\necho \"SUCCESS\" > \"${SCRIPT_OUTPUT_FILE_0}\"\n";
			showEnvVarsInLog = 0;
		};
		6473FB81AED26A07AF34AAA7 /* [CP] Embed Pods Frameworks */ = {
			isa = PBXShellScriptBuildPhase;
			buildActionMask = 2147483647;
			files = (
			);
			inputFileListPaths = (
				"${PODS_ROOT}/Target Support Files/Pods-MoviesSky/Pods-MoviesSky-frameworks-${CONFIGURATION}-input-files.xcfilelist",
			);
			name = "[CP] Embed Pods Frameworks";
			outputFileListPaths = (
				"${PODS_ROOT}/Target Support Files/Pods-MoviesSky/Pods-MoviesSky-frameworks-${CONFIGURATION}-output-files.xcfilelist",
			);
			runOnlyForDeploymentPostprocessing = 0;
			shellPath = /bin/sh;
			shellScript = "\"${PODS_ROOT}/Target Support Files/Pods-MoviesSky/Pods-MoviesSky-frameworks.sh\"\n";
			showEnvVarsInLog = 0;
		};
		7D38AE45007D60DCB66A542D /* [CP] Embed Pods Frameworks */ = {
			isa = PBXShellScriptBuildPhase;
			buildActionMask = 2147483647;
			files = (
			);
			inputFileListPaths = (
				"${PODS_ROOT}/Target Support Files/Pods-MoviesSky-MoviesSkyUITests/Pods-MoviesSky-MoviesSkyUITests-frameworks-${CONFIGURATION}-input-files.xcfilelist",
			);
			name = "[CP] Embed Pods Frameworks";
			outputFileListPaths = (
				"${PODS_ROOT}/Target Support Files/Pods-MoviesSky-MoviesSkyUITests/Pods-MoviesSky-MoviesSkyUITests-frameworks-${CONFIGURATION}-output-files.xcfilelist",
			);
			runOnlyForDeploymentPostprocessing = 0;
			shellPath = /bin/sh;
			shellScript = "\"${PODS_ROOT}/Target Support Files/Pods-MoviesSky-MoviesSkyUITests/Pods-MoviesSky-MoviesSkyUITests-frameworks.sh\"\n";
			showEnvVarsInLog = 0;
		};
		E661C4D5A45601DEA47FEAF0 /* [CP] Check Pods Manifest.lock */ = {
			isa = PBXShellScriptBuildPhase;
			buildActionMask = 2147483647;
			files = (
			);
			inputFileListPaths = (
			);
			inputPaths = (
				"${PODS_PODFILE_DIR_PATH}/Podfile.lock",
				"${PODS_ROOT}/Manifest.lock",
			);
			name = "[CP] Check Pods Manifest.lock";
			outputFileListPaths = (
			);
			outputPaths = (
				"$(DERIVED_FILE_DIR)/Pods-MoviesSky-MoviesSkyUITests-checkManifestLockResult.txt",
			);
			runOnlyForDeploymentPostprocessing = 0;
			shellPath = /bin/sh;
			shellScript = "diff \"${PODS_PODFILE_DIR_PATH}/Podfile.lock\" \"${PODS_ROOT}/Manifest.lock\" > /dev/null\nif [ $? != 0 ] ; then\n    # print error to STDERR\n    echo \"error: The sandbox is not in sync with the Podfile.lock. Run 'pod install' or update your CocoaPods installation.\" >&2\n    exit 1\nfi\n# This output is used by Xcode 'outputs' to avoid re-running this script phase.\necho \"SUCCESS\" > \"${SCRIPT_OUTPUT_FILE_0}\"\n";
			showEnvVarsInLog = 0;
		};
/* End PBXShellScriptBuildPhase section */

/* Begin PBXSourcesBuildPhase section */
		9464AD49289787CB006DBA44 /* Sources */ = {
			isa = PBXSourcesBuildPhase;
			buildActionMask = 2147483647;
			files = (
				9464AD55289787CB006DBA44 /* MoviesListViewController.swift in Sources */,
				9464AD51289787CB006DBA44 /* AppDelegate.swift in Sources */,
				9464AD53289787CB006DBA44 /* SceneDelegate.swift in Sources */,
			);
			runOnlyForDeploymentPostprocessing = 0;
		};
		9464AD5F289787CC006DBA44 /* Sources */ = {
			isa = PBXSourcesBuildPhase;
			buildActionMask = 2147483647;
			files = (
				9464AD68289787CC006DBA44 /* MoviesSkyTests.swift in Sources */,
			);
			runOnlyForDeploymentPostprocessing = 0;
		};
		9464AD69289787CC006DBA44 /* Sources */ = {
			isa = PBXSourcesBuildPhase;
			buildActionMask = 2147483647;
			files = (
				9464AD72289787CC006DBA44 /* MoviesSkyUITests.swift in Sources */,
				9464AD74289787CC006DBA44 /* MoviesSkyUITestsLaunchTests.swift in Sources */,
			);
			runOnlyForDeploymentPostprocessing = 0;
		};
/* End PBXSourcesBuildPhase section */

/* Begin PBXTargetDependency section */
		9464AD65289787CC006DBA44 /* PBXTargetDependency */ = {
			isa = PBXTargetDependency;
			target = 9464AD4C289787CB006DBA44 /* MoviesSky */;
			targetProxy = 9464AD64289787CC006DBA44 /* PBXContainerItemProxy */;
		};
		9464AD6F289787CC006DBA44 /* PBXTargetDependency */ = {
			isa = PBXTargetDependency;
			target = 9464AD4C289787CB006DBA44 /* MoviesSky */;
			targetProxy = 9464AD6E289787CC006DBA44 /* PBXContainerItemProxy */;
		};
/* End PBXTargetDependency section */

/* Begin PBXVariantGroup section */
		9464AD5B289787CC006DBA44 /* LaunchScreen.storyboard */ = {
			isa = PBXVariantGroup;
			children = (
				9464AD5C289787CC006DBA44 /* Base */,
			);
			name = LaunchScreen.storyboard;
			sourceTree = "<group>";
		};
/* End PBXVariantGroup section */

/* Begin XCBuildConfiguration section */
		9464AD75289787CC006DBA44 /* Debug */ = {
			isa = XCBuildConfiguration;
			buildSettings = {
				ALWAYS_SEARCH_USER_PATHS = NO;
				CLANG_ANALYZER_NONNULL = YES;
				CLANG_ANALYZER_NUMBER_OBJECT_CONVERSION = YES_AGGRESSIVE;
				CLANG_CXX_LANGUAGE_STANDARD = "gnu++17";
				CLANG_ENABLE_MODULES = YES;
				CLANG_ENABLE_OBJC_ARC = YES;
				CLANG_ENABLE_OBJC_WEAK = YES;
				CLANG_WARN_BLOCK_CAPTURE_AUTORELEASING = YES;
				CLANG_WARN_BOOL_CONVERSION = YES;
				CLANG_WARN_COMMA = YES;
				CLANG_WARN_CONSTANT_CONVERSION = YES;
				CLANG_WARN_DEPRECATED_OBJC_IMPLEMENTATIONS = YES;
				CLANG_WARN_DIRECT_OBJC_ISA_USAGE = YES_ERROR;
				CLANG_WARN_DOCUMENTATION_COMMENTS = YES;
				CLANG_WARN_EMPTY_BODY = YES;
				CLANG_WARN_ENUM_CONVERSION = YES;
				CLANG_WARN_INFINITE_RECURSION = YES;
				CLANG_WARN_INT_CONVERSION = YES;
				CLANG_WARN_NON_LITERAL_NULL_CONVERSION = YES;
				CLANG_WARN_OBJC_IMPLICIT_RETAIN_SELF = YES;
				CLANG_WARN_OBJC_LITERAL_CONVERSION = YES;
				CLANG_WARN_OBJC_ROOT_CLASS = YES_ERROR;
				CLANG_WARN_QUOTED_INCLUDE_IN_FRAMEWORK_HEADER = YES;
				CLANG_WARN_RANGE_LOOP_ANALYSIS = YES;
				CLANG_WARN_STRICT_PROTOTYPES = YES;
				CLANG_WARN_SUSPICIOUS_MOVE = YES;
				CLANG_WARN_UNGUARDED_AVAILABILITY = YES_AGGRESSIVE;
				CLANG_WARN_UNREACHABLE_CODE = YES;
				CLANG_WARN__DUPLICATE_METHOD_MATCH = YES;
				COPY_PHASE_STRIP = NO;
				DEBUG_INFORMATION_FORMAT = dwarf;
				ENABLE_STRICT_OBJC_MSGSEND = YES;
				ENABLE_TESTABILITY = YES;
				GCC_C_LANGUAGE_STANDARD = gnu11;
				GCC_DYNAMIC_NO_PIC = NO;
				GCC_NO_COMMON_BLOCKS = YES;
				GCC_OPTIMIZATION_LEVEL = 0;
				GCC_PREPROCESSOR_DEFINITIONS = (
					"DEBUG=1",
					"$(inherited)",
				);
				GCC_WARN_64_TO_32_BIT_CONVERSION = YES;
				GCC_WARN_ABOUT_RETURN_TYPE = YES_ERROR;
				GCC_WARN_UNDECLARED_SELECTOR = YES;
				GCC_WARN_UNINITIALIZED_AUTOS = YES_AGGRESSIVE;
				GCC_WARN_UNUSED_FUNCTION = YES;
				GCC_WARN_UNUSED_VARIABLE = YES;
				IPHONEOS_DEPLOYMENT_TARGET = 15.5;
				MTL_ENABLE_DEBUG_INFO = INCLUDE_SOURCE;
				MTL_FAST_MATH = YES;
				ONLY_ACTIVE_ARCH = YES;
				SDKROOT = iphoneos;
				SWIFT_ACTIVE_COMPILATION_CONDITIONS = DEBUG;
				SWIFT_OPTIMIZATION_LEVEL = "-Onone";
			};
			name = Debug;
		};
		9464AD76289787CC006DBA44 /* Release */ = {
			isa = XCBuildConfiguration;
			buildSettings = {
				ALWAYS_SEARCH_USER_PATHS = NO;
				CLANG_ANALYZER_NONNULL = YES;
				CLANG_ANALYZER_NUMBER_OBJECT_CONVERSION = YES_AGGRESSIVE;
				CLANG_CXX_LANGUAGE_STANDARD = "gnu++17";
				CLANG_ENABLE_MODULES = YES;
				CLANG_ENABLE_OBJC_ARC = YES;
				CLANG_ENABLE_OBJC_WEAK = YES;
				CLANG_WARN_BLOCK_CAPTURE_AUTORELEASING = YES;
				CLANG_WARN_BOOL_CONVERSION = YES;
				CLANG_WARN_COMMA = YES;
				CLANG_WARN_CONSTANT_CONVERSION = YES;
				CLANG_WARN_DEPRECATED_OBJC_IMPLEMENTATIONS = YES;
				CLANG_WARN_DIRECT_OBJC_ISA_USAGE = YES_ERROR;
				CLANG_WARN_DOCUMENTATION_COMMENTS = YES;
				CLANG_WARN_EMPTY_BODY = YES;
				CLANG_WARN_ENUM_CONVERSION = YES;
				CLANG_WARN_INFINITE_RECURSION = YES;
				CLANG_WARN_INT_CONVERSION = YES;
				CLANG_WARN_NON_LITERAL_NULL_CONVERSION = YES;
				CLANG_WARN_OBJC_IMPLICIT_RETAIN_SELF = YES;
				CLANG_WARN_OBJC_LITERAL_CONVERSION = YES;
				CLANG_WARN_OBJC_ROOT_CLASS = YES_ERROR;
				CLANG_WARN_QUOTED_INCLUDE_IN_FRAMEWORK_HEADER = YES;
				CLANG_WARN_RANGE_LOOP_ANALYSIS = YES;
				CLANG_WARN_STRICT_PROTOTYPES = YES;
				CLANG_WARN_SUSPICIOUS_MOVE = YES;
				CLANG_WARN_UNGUARDED_AVAILABILITY = YES_AGGRESSIVE;
				CLANG_WARN_UNREACHABLE_CODE = YES;
				CLANG_WARN__DUPLICATE_METHOD_MATCH = YES;
				COPY_PHASE_STRIP = NO;
				DEBUG_INFORMATION_FORMAT = "dwarf-with-dsym";
				ENABLE_NS_ASSERTIONS = NO;
				ENABLE_STRICT_OBJC_MSGSEND = YES;
				GCC_C_LANGUAGE_STANDARD = gnu11;
				GCC_NO_COMMON_BLOCKS = YES;
				GCC_WARN_64_TO_32_BIT_CONVERSION = YES;
				GCC_WARN_ABOUT_RETURN_TYPE = YES_ERROR;
				GCC_WARN_UNDECLARED_SELECTOR = YES;
				GCC_WARN_UNINITIALIZED_AUTOS = YES_AGGRESSIVE;
				GCC_WARN_UNUSED_FUNCTION = YES;
				GCC_WARN_UNUSED_VARIABLE = YES;
				IPHONEOS_DEPLOYMENT_TARGET = 15.5;
				MTL_ENABLE_DEBUG_INFO = NO;
				MTL_FAST_MATH = YES;
				SDKROOT = iphoneos;
				SWIFT_COMPILATION_MODE = wholemodule;
				SWIFT_OPTIMIZATION_LEVEL = "-O";
				VALIDATE_PRODUCT = YES;
			};
			name = Release;
		};
		9464AD78289787CC006DBA44 /* Debug */ = {
			isa = XCBuildConfiguration;
			baseConfigurationReference = AAB454E942A9934A0E814E40 /* Pods-MoviesSky.debug.xcconfig */;
			buildSettings = {
				ASSETCATALOG_COMPILER_APPICON_NAME = AppIcon;
				ASSETCATALOG_COMPILER_GLOBAL_ACCENT_COLOR_NAME = AccentColor;
				CODE_SIGN_STYLE = Automatic;
				CURRENT_PROJECT_VERSION = 1;
				GENERATE_INFOPLIST_FILE = YES;
				INFOPLIST_FILE = MoviesSky/Info.plist;
				INFOPLIST_KEY_UIApplicationSupportsIndirectInputEvents = YES;
				INFOPLIST_KEY_UILaunchStoryboardName = LaunchScreen;
				INFOPLIST_KEY_UISupportedInterfaceOrientations_iPad = "UIInterfaceOrientationPortrait UIInterfaceOrientationPortraitUpsideDown UIInterfaceOrientationLandscapeLeft UIInterfaceOrientationLandscapeRight";
				INFOPLIST_KEY_UISupportedInterfaceOrientations_iPhone = "UIInterfaceOrientationPortrait UIInterfaceOrientationLandscapeLeft UIInterfaceOrientationLandscapeRight";
				LD_RUNPATH_SEARCH_PATHS = (
					"$(inherited)",
					"@executable_path/Frameworks",
				);
				MARKETING_VERSION = 1.0;
				PRODUCT_BUNDLE_IDENTIFIER = giba.MoviesSky;
				PRODUCT_NAME = "$(TARGET_NAME)";
				SWIFT_EMIT_LOC_STRINGS = YES;
				SWIFT_VERSION = 5.0;
				TARGETED_DEVICE_FAMILY = "1,2";
			};
			name = Debug;
		};
		9464AD79289787CC006DBA44 /* Release */ = {
			isa = XCBuildConfiguration;
			baseConfigurationReference = 39294264538A21313813813C /* Pods-MoviesSky.release.xcconfig */;
			buildSettings = {
				ASSETCATALOG_COMPILER_APPICON_NAME = AppIcon;
				ASSETCATALOG_COMPILER_GLOBAL_ACCENT_COLOR_NAME = AccentColor;
				CODE_SIGN_STYLE = Automatic;
				CURRENT_PROJECT_VERSION = 1;
				GENERATE_INFOPLIST_FILE = YES;
				INFOPLIST_FILE = MoviesSky/Info.plist;
				INFOPLIST_KEY_UIApplicationSupportsIndirectInputEvents = YES;
				INFOPLIST_KEY_UILaunchStoryboardName = LaunchScreen;
				INFOPLIST_KEY_UISupportedInterfaceOrientations_iPad = "UIInterfaceOrientationPortrait UIInterfaceOrientationPortraitUpsideDown UIInterfaceOrientationLandscapeLeft UIInterfaceOrientationLandscapeRight";
				INFOPLIST_KEY_UISupportedInterfaceOrientations_iPhone = "UIInterfaceOrientationPortrait UIInterfaceOrientationLandscapeLeft UIInterfaceOrientationLandscapeRight";
				LD_RUNPATH_SEARCH_PATHS = (
					"$(inherited)",
					"@executable_path/Frameworks",
				);
				MARKETING_VERSION = 1.0;
				PRODUCT_BUNDLE_IDENTIFIER = giba.MoviesSky;
				PRODUCT_NAME = "$(TARGET_NAME)";
				SWIFT_EMIT_LOC_STRINGS = YES;
				SWIFT_VERSION = 5.0;
				TARGETED_DEVICE_FAMILY = "1,2";
			};
			name = Release;
		};
		9464AD7B289787CC006DBA44 /* Debug */ = {
			isa = XCBuildConfiguration;
			baseConfigurationReference = C9FE8F6EC4636591FCD2DA01 /* Pods-MoviesSkyTests.debug.xcconfig */;
			buildSettings = {
				ALWAYS_EMBED_SWIFT_STANDARD_LIBRARIES = YES;
				BUNDLE_LOADER = "$(TEST_HOST)";
				CODE_SIGN_STYLE = Automatic;
				CURRENT_PROJECT_VERSION = 1;
				GENERATE_INFOPLIST_FILE = YES;
				IPHONEOS_DEPLOYMENT_TARGET = 15.5;
				MARKETING_VERSION = 1.0;
				PRODUCT_BUNDLE_IDENTIFIER = giba.MoviesSkyTests;
				PRODUCT_NAME = "$(TARGET_NAME)";
				SWIFT_EMIT_LOC_STRINGS = NO;
				SWIFT_VERSION = 5.0;
				TARGETED_DEVICE_FAMILY = "1,2";
				TEST_HOST = "$(BUILT_PRODUCTS_DIR)/MoviesSky.app/MoviesSky";
			};
			name = Debug;
		};
		9464AD7C289787CC006DBA44 /* Release */ = {
			isa = XCBuildConfiguration;
			baseConfigurationReference = 8BD7CED5D880C2311E8A5759 /* Pods-MoviesSkyTests.release.xcconfig */;
			buildSettings = {
				ALWAYS_EMBED_SWIFT_STANDARD_LIBRARIES = YES;
				BUNDLE_LOADER = "$(TEST_HOST)";
				CODE_SIGN_STYLE = Automatic;
				CURRENT_PROJECT_VERSION = 1;
				GENERATE_INFOPLIST_FILE = YES;
				IPHONEOS_DEPLOYMENT_TARGET = 15.5;
				MARKETING_VERSION = 1.0;
				PRODUCT_BUNDLE_IDENTIFIER = giba.MoviesSkyTests;
				PRODUCT_NAME = "$(TARGET_NAME)";
				SWIFT_EMIT_LOC_STRINGS = NO;
				SWIFT_VERSION = 5.0;
				TARGETED_DEVICE_FAMILY = "1,2";
				TEST_HOST = "$(BUILT_PRODUCTS_DIR)/MoviesSky.app/MoviesSky";
			};
			name = Release;
		};
		9464AD7E289787CC006DBA44 /* Debug */ = {
			isa = XCBuildConfiguration;
			baseConfigurationReference = 570405F58E2E29D933DE834A /* Pods-MoviesSky-MoviesSkyUITests.debug.xcconfig */;
			buildSettings = {
				ALWAYS_EMBED_SWIFT_STANDARD_LIBRARIES = YES;
				CODE_SIGN_STYLE = Automatic;
				CURRENT_PROJECT_VERSION = 1;
				GENERATE_INFOPLIST_FILE = YES;
				MARKETING_VERSION = 1.0;
				PRODUCT_BUNDLE_IDENTIFIER = giba.MoviesSkyUITests;
				PRODUCT_NAME = "$(TARGET_NAME)";
				SWIFT_EMIT_LOC_STRINGS = NO;
				SWIFT_VERSION = 5.0;
				TARGETED_DEVICE_FAMILY = "1,2";
				TEST_TARGET_NAME = MoviesSky;
			};
			name = Debug;
		};
		9464AD7F289787CC006DBA44 /* Release */ = {
			isa = XCBuildConfiguration;
			baseConfigurationReference = 11555163F72450367DEB79F0 /* Pods-MoviesSky-MoviesSkyUITests.release.xcconfig */;
			buildSettings = {
				ALWAYS_EMBED_SWIFT_STANDARD_LIBRARIES = YES;
				CODE_SIGN_STYLE = Automatic;
				CURRENT_PROJECT_VERSION = 1;
				GENERATE_INFOPLIST_FILE = YES;
				MARKETING_VERSION = 1.0;
				PRODUCT_BUNDLE_IDENTIFIER = giba.MoviesSkyUITests;
				PRODUCT_NAME = "$(TARGET_NAME)";
				SWIFT_EMIT_LOC_STRINGS = NO;
				SWIFT_VERSION = 5.0;
				TARGETED_DEVICE_FAMILY = "1,2";
				TEST_TARGET_NAME = MoviesSky;
			};
			name = Release;
		};
/* End XCBuildConfiguration section */

/* Begin XCConfigurationList section */
		9464AD48289787CB006DBA44 /* Build configuration list for PBXProject "MoviesSky" */ = {
			isa = XCConfigurationList;
			buildConfigurations = (
				9464AD75289787CC006DBA44 /* Debug */,
				9464AD76289787CC006DBA44 /* Release */,
			);
			defaultConfigurationIsVisible = 0;
			defaultConfigurationName = Release;
		};
		9464AD77289787CC006DBA44 /* Build configuration list for PBXNativeTarget "MoviesSky" */ = {
			isa = XCConfigurationList;
			buildConfigurations = (
				9464AD78289787CC006DBA44 /* Debug */,
				9464AD79289787CC006DBA44 /* Release */,
			);
			defaultConfigurationIsVisible = 0;
			defaultConfigurationName = Release;
		};
		9464AD7A289787CC006DBA44 /* Build configuration list for PBXNativeTarget "MoviesSkyTests" */ = {
			isa = XCConfigurationList;
			buildConfigurations = (
				9464AD7B289787CC006DBA44 /* Debug */,
				9464AD7C289787CC006DBA44 /* Release */,
			);
			defaultConfigurationIsVisible = 0;
			defaultConfigurationName = Release;
		};
		9464AD7D289787CC006DBA44 /* Build configuration list for PBXNativeTarget "MoviesSkyUITests" */ = {
			isa = XCConfigurationList;
			buildConfigurations = (
				9464AD7E289787CC006DBA44 /* Debug */,
				9464AD7F289787CC006DBA44 /* Release */,
			);
			defaultConfigurationIsVisible = 0;
			defaultConfigurationName = Release;
		};
/* End XCConfigurationList section */
	};
	rootObject = 9464AD45289787CB006DBA44 /* Project object */;
}
