// !$*UTF8*$!
{
	archiveVersion = 1;
	classes = {
	};
	objectVersion = 55;
	objects = {

/* Begin PBXBuildFile section */
		5871818100AD6DA3BBA80843 /* Pods_MyYugiOhCardsTests.framework in Frameworks */ = {isa = PBXBuildFile; fileRef = FABB92547CCF4C6654AAAC18 /* Pods_MyYugiOhCardsTests.framework */; };
		79180AE87032150FC47F20D8 /* Pods_MyYugiOhCards.framework in Frameworks */ = {isa = PBXBuildFile; fileRef = CEA456821F1E0EFAFDD68118 /* Pods_MyYugiOhCards.framework */; };
		944A02BC28A407A100B15EB2 /* AppDelegate.swift in Sources */ = {isa = PBXBuildFile; fileRef = 944A02BB28A407A100B15EB2 /* AppDelegate.swift */; };
		944A02BE28A407A100B15EB2 /* SceneDelegate.swift in Sources */ = {isa = PBXBuildFile; fileRef = 944A02BD28A407A100B15EB2 /* SceneDelegate.swift */; };
		944A02C028A407A100B15EB2 /* CardsListViewController.swift in Sources */ = {isa = PBXBuildFile; fileRef = 944A02BF28A407A100B15EB2 /* CardsListViewController.swift */; };
		944A02C528A407A200B15EB2 /* Assets.xcassets in Resources */ = {isa = PBXBuildFile; fileRef = 944A02C428A407A200B15EB2 /* Assets.xcassets */; };
		944A02C828A407A200B15EB2 /* LaunchScreen.storyboard in Resources */ = {isa = PBXBuildFile; fileRef = 944A02C628A407A200B15EB2 /* LaunchScreen.storyboard */; };
		944A02D328A407A200B15EB2 /* MyYugiOhCardsTests.swift in Sources */ = {isa = PBXBuildFile; fileRef = 944A02D228A407A200B15EB2 /* MyYugiOhCardsTests.swift */; };
		944A02DD28A407A200B15EB2 /* MyYugiOhCardsUITests.swift in Sources */ = {isa = PBXBuildFile; fileRef = 944A02DC28A407A200B15EB2 /* MyYugiOhCardsUITests.swift */; };
		944A02DF28A407A200B15EB2 /* MyYugiOhCardsUITestsLaunchTests.swift in Sources */ = {isa = PBXBuildFile; fileRef = 944A02DE28A407A200B15EB2 /* MyYugiOhCardsUITestsLaunchTests.swift */; };
		944A02F128A408E700B15EB2 /* YugiCards.swift in Sources */ = {isa = PBXBuildFile; fileRef = 944A02F028A408E700B15EB2 /* YugiCards.swift */; };
		BEC3806B18A30EC0D863921D /* Pods_MyYugiOhCards_MyYugiOhCardsUITests.framework in Frameworks */ = {isa = PBXBuildFile; fileRef = 70F71ACE34AE7158A8AD72F2 /* Pods_MyYugiOhCards_MyYugiOhCardsUITests.framework */; };
/* End PBXBuildFile section */

/* Begin PBXContainerItemProxy section */
		944A02CF28A407A200B15EB2 /* PBXContainerItemProxy */ = {
			isa = PBXContainerItemProxy;
			containerPortal = 944A02B028A407A100B15EB2 /* Project object */;
			proxyType = 1;
			remoteGlobalIDString = 944A02B728A407A100B15EB2;
			remoteInfo = MyYugiOhCards;
		};
		944A02D928A407A200B15EB2 /* PBXContainerItemProxy */ = {
			isa = PBXContainerItemProxy;
			containerPortal = 944A02B028A407A100B15EB2 /* Project object */;
			proxyType = 1;
			remoteGlobalIDString = 944A02B728A407A100B15EB2;
			remoteInfo = MyYugiOhCards;
		};
/* End PBXContainerItemProxy section */

/* Begin PBXFileReference section */
		4516F5A912B2E287C0BA7E0F /* Pods-MyYugiOhCards.debug.xcconfig */ = {isa = PBXFileReference; includeInIndex = 1; lastKnownFileType = text.xcconfig; name = "Pods-MyYugiOhCards.debug.xcconfig"; path = "Target Support Files/Pods-MyYugiOhCards/Pods-MyYugiOhCards.debug.xcconfig"; sourceTree = "<group>"; };
		58FA73B4F1561E3F9183638E /* Pods-MyYugiOhCards-MyYugiOhCardsUITests.debug.xcconfig */ = {isa = PBXFileReference; includeInIndex = 1; lastKnownFileType = text.xcconfig; name = "Pods-MyYugiOhCards-MyYugiOhCardsUITests.debug.xcconfig"; path = "Target Support Files/Pods-MyYugiOhCards-MyYugiOhCardsUITests/Pods-MyYugiOhCards-MyYugiOhCardsUITests.debug.xcconfig"; sourceTree = "<group>"; };
		70F71ACE34AE7158A8AD72F2 /* Pods_MyYugiOhCards_MyYugiOhCardsUITests.framework */ = {isa = PBXFileReference; explicitFileType = wrapper.framework; includeInIndex = 0; path = Pods_MyYugiOhCards_MyYugiOhCardsUITests.framework; sourceTree = BUILT_PRODUCTS_DIR; };
		88636D5827149C5B66D1F253 /* Pods-MyYugiOhCardsTests.release.xcconfig */ = {isa = PBXFileReference; includeInIndex = 1; lastKnownFileType = text.xcconfig; name = "Pods-MyYugiOhCardsTests.release.xcconfig"; path = "Target Support Files/Pods-MyYugiOhCardsTests/Pods-MyYugiOhCardsTests.release.xcconfig"; sourceTree = "<group>"; };
		944A02B828A407A100B15EB2 /* MyYugiOhCards.app */ = {isa = PBXFileReference; explicitFileType = wrapper.application; includeInIndex = 0; path = MyYugiOhCards.app; sourceTree = BUILT_PRODUCTS_DIR; };
		944A02BB28A407A100B15EB2 /* AppDelegate.swift */ = {isa = PBXFileReference; lastKnownFileType = sourcecode.swift; path = AppDelegate.swift; sourceTree = "<group>"; };
		944A02BD28A407A100B15EB2 /* SceneDelegate.swift */ = {isa = PBXFileReference; lastKnownFileType = sourcecode.swift; path = SceneDelegate.swift; sourceTree = "<group>"; };
		944A02BF28A407A100B15EB2 /* CardsListViewController.swift */ = {isa = PBXFileReference; lastKnownFileType = sourcecode.swift; path = CardsListViewController.swift; sourceTree = "<group>"; };
		944A02C428A407A200B15EB2 /* Assets.xcassets */ = {isa = PBXFileReference; lastKnownFileType = folder.assetcatalog; path = Assets.xcassets; sourceTree = "<group>"; };
		944A02C728A407A200B15EB2 /* Base */ = {isa = PBXFileReference; lastKnownFileType = file.storyboard; name = Base; path = Base.lproj/LaunchScreen.storyboard; sourceTree = "<group>"; };
		944A02C928A407A200B15EB2 /* Info.plist */ = {isa = PBXFileReference; lastKnownFileType = text.plist.xml; path = Info.plist; sourceTree = "<group>"; };
		944A02CE28A407A200B15EB2 /* MyYugiOhCardsTests.xctest */ = {isa = PBXFileReference; explicitFileType = wrapper.cfbundle; includeInIndex = 0; path = MyYugiOhCardsTests.xctest; sourceTree = BUILT_PRODUCTS_DIR; };
		944A02D228A407A200B15EB2 /* MyYugiOhCardsTests.swift */ = {isa = PBXFileReference; lastKnownFileType = sourcecode.swift; path = MyYugiOhCardsTests.swift; sourceTree = "<group>"; };
		944A02D828A407A200B15EB2 /* MyYugiOhCardsUITests.xctest */ = {isa = PBXFileReference; explicitFileType = wrapper.cfbundle; includeInIndex = 0; path = MyYugiOhCardsUITests.xctest; sourceTree = BUILT_PRODUCTS_DIR; };
		944A02DC28A407A200B15EB2 /* MyYugiOhCardsUITests.swift */ = {isa = PBXFileReference; lastKnownFileType = sourcecode.swift; path = MyYugiOhCardsUITests.swift; sourceTree = "<group>"; };
		944A02DE28A407A200B15EB2 /* MyYugiOhCardsUITestsLaunchTests.swift */ = {isa = PBXFileReference; lastKnownFileType = sourcecode.swift; path = MyYugiOhCardsUITestsLaunchTests.swift; sourceTree = "<group>"; };
		944A02F028A408E700B15EB2 /* YugiCards.swift */ = {isa = PBXFileReference; lastKnownFileType = sourcecode.swift; path = YugiCards.swift; sourceTree = "<group>"; };
		9D5EB27949A73114D762D823 /* Pods-MyYugiOhCards-MyYugiOhCardsUITests.release.xcconfig */ = {isa = PBXFileReference; includeInIndex = 1; lastKnownFileType = text.xcconfig; name = "Pods-MyYugiOhCards-MyYugiOhCardsUITests.release.xcconfig"; path = "Target Support Files/Pods-MyYugiOhCards-MyYugiOhCardsUITests/Pods-MyYugiOhCards-MyYugiOhCardsUITests.release.xcconfig"; sourceTree = "<group>"; };
		A1FBFEAB3EB5B27846756823 /* Pods-MyYugiOhCardsTests.debug.xcconfig */ = {isa = PBXFileReference; includeInIndex = 1; lastKnownFileType = text.xcconfig; name = "Pods-MyYugiOhCardsTests.debug.xcconfig"; path = "Target Support Files/Pods-MyYugiOhCardsTests/Pods-MyYugiOhCardsTests.debug.xcconfig"; sourceTree = "<group>"; };
		CEA456821F1E0EFAFDD68118 /* Pods_MyYugiOhCards.framework */ = {isa = PBXFileReference; explicitFileType = wrapper.framework; includeInIndex = 0; path = Pods_MyYugiOhCards.framework; sourceTree = BUILT_PRODUCTS_DIR; };
		D6A8E67D1DD95943792E5EAA /* Pods-MyYugiOhCards.release.xcconfig */ = {isa = PBXFileReference; includeInIndex = 1; lastKnownFileType = text.xcconfig; name = "Pods-MyYugiOhCards.release.xcconfig"; path = "Target Support Files/Pods-MyYugiOhCards/Pods-MyYugiOhCards.release.xcconfig"; sourceTree = "<group>"; };
		FABB92547CCF4C6654AAAC18 /* Pods_MyYugiOhCardsTests.framework */ = {isa = PBXFileReference; explicitFileType = wrapper.framework; includeInIndex = 0; path = Pods_MyYugiOhCardsTests.framework; sourceTree = BUILT_PRODUCTS_DIR; };
/* End PBXFileReference section */

/* Begin PBXFrameworksBuildPhase section */
		944A02B528A407A100B15EB2 /* Frameworks */ = {
			isa = PBXFrameworksBuildPhase;
			buildActionMask = 2147483647;
			files = (
				79180AE87032150FC47F20D8 /* Pods_MyYugiOhCards.framework in Frameworks */,
			);
			runOnlyForDeploymentPostprocessing = 0;
		};
		944A02CB28A407A200B15EB2 /* Frameworks */ = {
			isa = PBXFrameworksBuildPhase;
			buildActionMask = 2147483647;
			files = (
				5871818100AD6DA3BBA80843 /* Pods_MyYugiOhCardsTests.framework in Frameworks */,
			);
			runOnlyForDeploymentPostprocessing = 0;
		};
		944A02D528A407A200B15EB2 /* Frameworks */ = {
			isa = PBXFrameworksBuildPhase;
			buildActionMask = 2147483647;
			files = (
				BEC3806B18A30EC0D863921D /* Pods_MyYugiOhCards_MyYugiOhCardsUITests.framework in Frameworks */,
			);
			runOnlyForDeploymentPostprocessing = 0;
		};
/* End PBXFrameworksBuildPhase section */

/* Begin PBXGroup section */
		944A02AF28A407A100B15EB2 = {
			isa = PBXGroup;
			children = (
				944A02BA28A407A100B15EB2 /* MyYugiOhCards */,
				944A02D128A407A200B15EB2 /* MyYugiOhCardsTests */,
				944A02DB28A407A200B15EB2 /* MyYugiOhCardsUITests */,
				944A02B928A407A100B15EB2 /* Products */,
				9FEDFB80BEF151DBCAC4CD4F /* Pods */,
				BCA4998938A71C6673E9FD6B /* Frameworks */,
			);
			sourceTree = "<group>";
		};
		944A02B928A407A100B15EB2 /* Products */ = {
			isa = PBXGroup;
			children = (
				944A02B828A407A100B15EB2 /* MyYugiOhCards.app */,
				944A02CE28A407A200B15EB2 /* MyYugiOhCardsTests.xctest */,
				944A02D828A407A200B15EB2 /* MyYugiOhCardsUITests.xctest */,
			);
			name = Products;
			sourceTree = "<group>";
		};
		944A02BA28A407A100B15EB2 /* MyYugiOhCards */ = {
			isa = PBXGroup;
			children = (
				944A02EF28A4086300B15EB2 /* Request */,
				944A02EE28A4086100B15EB2 /* Resources */,
				944A02ED28A4085F00B15EB2 /* Model */,
				944A02EC28A4085C00B15EB2 /* View */,
				944A02EB28A4085800B15EB2 /* Controller */,
				944A02BB28A407A100B15EB2 /* AppDelegate.swift */,
				944A02BD28A407A100B15EB2 /* SceneDelegate.swift */,
				944A02C928A407A200B15EB2 /* Info.plist */,
			);
			path = MyYugiOhCards;
			sourceTree = "<group>";
		};
		944A02D128A407A200B15EB2 /* MyYugiOhCardsTests */ = {
			isa = PBXGroup;
			children = (
				944A02D228A407A200B15EB2 /* MyYugiOhCardsTests.swift */,
			);
			path = MyYugiOhCardsTests;
			sourceTree = "<group>";
		};
		944A02DB28A407A200B15EB2 /* MyYugiOhCardsUITests */ = {
			isa = PBXGroup;
			children = (
				944A02DC28A407A200B15EB2 /* MyYugiOhCardsUITests.swift */,
				944A02DE28A407A200B15EB2 /* MyYugiOhCardsUITestsLaunchTests.swift */,
			);
			path = MyYugiOhCardsUITests;
			sourceTree = "<group>";
		};
		944A02EB28A4085800B15EB2 /* Controller */ = {
			isa = PBXGroup;
			children = (
			);
			path = Controller;
			sourceTree = "<group>";
		};
		944A02EC28A4085C00B15EB2 /* View */ = {
			isa = PBXGroup;
			children = (
				944A02BF28A407A100B15EB2 /* CardsListViewController.swift */,
			);
			path = View;
			sourceTree = "<group>";
		};
		944A02ED28A4085F00B15EB2 /* Model */ = {
			isa = PBXGroup;
			children = (
				944A02F028A408E700B15EB2 /* YugiCards.swift */,
			);
			path = Model;
			sourceTree = "<group>";
		};
		944A02EE28A4086100B15EB2 /* Resources */ = {
			isa = PBXGroup;
			children = (
				944A02C428A407A200B15EB2 /* Assets.xcassets */,
				944A02C628A407A200B15EB2 /* LaunchScreen.storyboard */,
			);
			path = Resources;
			sourceTree = "<group>";
		};
		944A02EF28A4086300B15EB2 /* Request */ = {
			isa = PBXGroup;
			children = (
			);
			path = Request;
			sourceTree = "<group>";
		};
		9FEDFB80BEF151DBCAC4CD4F /* Pods */ = {
			isa = PBXGroup;
			children = (
				4516F5A912B2E287C0BA7E0F /* Pods-MyYugiOhCards.debug.xcconfig */,
				D6A8E67D1DD95943792E5EAA /* Pods-MyYugiOhCards.release.xcconfig */,
				58FA73B4F1561E3F9183638E /* Pods-MyYugiOhCards-MyYugiOhCardsUITests.debug.xcconfig */,
				9D5EB27949A73114D762D823 /* Pods-MyYugiOhCards-MyYugiOhCardsUITests.release.xcconfig */,
				A1FBFEAB3EB5B27846756823 /* Pods-MyYugiOhCardsTests.debug.xcconfig */,
				88636D5827149C5B66D1F253 /* Pods-MyYugiOhCardsTests.release.xcconfig */,
			);
			path = Pods;
			sourceTree = "<group>";
		};
		BCA4998938A71C6673E9FD6B /* Frameworks */ = {
			isa = PBXGroup;
			children = (
				CEA456821F1E0EFAFDD68118 /* Pods_MyYugiOhCards.framework */,
				70F71ACE34AE7158A8AD72F2 /* Pods_MyYugiOhCards_MyYugiOhCardsUITests.framework */,
				FABB92547CCF4C6654AAAC18 /* Pods_MyYugiOhCardsTests.framework */,
			);
			name = Frameworks;
			sourceTree = "<group>";
		};
/* End PBXGroup section */

/* Begin PBXNativeTarget section */
		944A02B728A407A100B15EB2 /* MyYugiOhCards */ = {
			isa = PBXNativeTarget;
			buildConfigurationList = 944A02E228A407A200B15EB2 /* Build configuration list for PBXNativeTarget "MyYugiOhCards" */;
			buildPhases = (
				403B99F33212B98511E24DCA /* [CP] Check Pods Manifest.lock */,
				944A02B428A407A100B15EB2 /* Sources */,
				944A02B528A407A100B15EB2 /* Frameworks */,
				944A02B628A407A100B15EB2 /* Resources */,
				45DF72483B708CDC24ADB245 /* [CP] Embed Pods Frameworks */,
			);
			buildRules = (
			);
			dependencies = (
			);
			name = MyYugiOhCards;
			productName = MyYugiOhCards;
			productReference = 944A02B828A407A100B15EB2 /* MyYugiOhCards.app */;
			productType = "com.apple.product-type.application";
		};
		944A02CD28A407A200B15EB2 /* MyYugiOhCardsTests */ = {
			isa = PBXNativeTarget;
			buildConfigurationList = 944A02E528A407A200B15EB2 /* Build configuration list for PBXNativeTarget "MyYugiOhCardsTests" */;
			buildPhases = (
				AEF715BF59DB57D306415C91 /* [CP] Check Pods Manifest.lock */,
				944A02CA28A407A200B15EB2 /* Sources */,
				944A02CB28A407A200B15EB2 /* Frameworks */,
				944A02CC28A407A200B15EB2 /* Resources */,
			);
			buildRules = (
			);
			dependencies = (
				944A02D028A407A200B15EB2 /* PBXTargetDependency */,
			);
			name = MyYugiOhCardsTests;
			productName = MyYugiOhCardsTests;
			productReference = 944A02CE28A407A200B15EB2 /* MyYugiOhCardsTests.xctest */;
			productType = "com.apple.product-type.bundle.unit-test";
		};
		944A02D728A407A200B15EB2 /* MyYugiOhCardsUITests */ = {
			isa = PBXNativeTarget;
			buildConfigurationList = 944A02E828A407A200B15EB2 /* Build configuration list for PBXNativeTarget "MyYugiOhCardsUITests" */;
			buildPhases = (
				BB989C04F4687C043FAC4CA0 /* [CP] Check Pods Manifest.lock */,
				944A02D428A407A200B15EB2 /* Sources */,
				944A02D528A407A200B15EB2 /* Frameworks */,
				944A02D628A407A200B15EB2 /* Resources */,
				DBE76D13C3E6545425E15B7E /* [CP] Embed Pods Frameworks */,
			);
			buildRules = (
			);
			dependencies = (
				944A02DA28A407A200B15EB2 /* PBXTargetDependency */,
			);
			name = MyYugiOhCardsUITests;
			productName = MyYugiOhCardsUITests;
			productReference = 944A02D828A407A200B15EB2 /* MyYugiOhCardsUITests.xctest */;
			productType = "com.apple.product-type.bundle.ui-testing";
		};
/* End PBXNativeTarget section */

/* Begin PBXProject section */
		944A02B028A407A100B15EB2 /* Project object */ = {
			isa = PBXProject;
			attributes = {
				BuildIndependentTargetsInParallel = 1;
				LastSwiftUpdateCheck = 1340;
				LastUpgradeCheck = 1340;
				TargetAttributes = {
					944A02B728A407A100B15EB2 = {
						CreatedOnToolsVersion = 13.4.1;
					};
					944A02CD28A407A200B15EB2 = {
						CreatedOnToolsVersion = 13.4.1;
						TestTargetID = 944A02B728A407A100B15EB2;
					};
					944A02D728A407A200B15EB2 = {
						CreatedOnToolsVersion = 13.4.1;
						TestTargetID = 944A02B728A407A100B15EB2;
					};
				};
			};
			buildConfigurationList = 944A02B328A407A100B15EB2 /* Build configuration list for PBXProject "MyYugiOhCards" */;
			compatibilityVersion = "Xcode 13.0";
			developmentRegion = en;
			hasScannedForEncodings = 0;
			knownRegions = (
				en,
				Base,
			);
			mainGroup = 944A02AF28A407A100B15EB2;
			productRefGroup = 944A02B928A407A100B15EB2 /* Products */;
			projectDirPath = "";
			projectRoot = "";
			targets = (
				944A02B728A407A100B15EB2 /* MyYugiOhCards */,
				944A02CD28A407A200B15EB2 /* MyYugiOhCardsTests */,
				944A02D728A407A200B15EB2 /* MyYugiOhCardsUITests */,
			);
		};
/* End PBXProject section */

/* Begin PBXResourcesBuildPhase section */
		944A02B628A407A100B15EB2 /* Resources */ = {
			isa = PBXResourcesBuildPhase;
			buildActionMask = 2147483647;
			files = (
				944A02C828A407A200B15EB2 /* LaunchScreen.storyboard in Resources */,
				944A02C528A407A200B15EB2 /* Assets.xcassets in Resources */,
			);
			runOnlyForDeploymentPostprocessing = 0;
		};
		944A02CC28A407A200B15EB2 /* Resources */ = {
			isa = PBXResourcesBuildPhase;
			buildActionMask = 2147483647;
			files = (
			);
			runOnlyForDeploymentPostprocessing = 0;
		};
		944A02D628A407A200B15EB2 /* Resources */ = {
			isa = PBXResourcesBuildPhase;
			buildActionMask = 2147483647;
			files = (
			);
			runOnlyForDeploymentPostprocessing = 0;
		};
/* End PBXResourcesBuildPhase section */

/* Begin PBXShellScriptBuildPhase section */
		403B99F33212B98511E24DCA /* [CP] Check Pods Manifest.lock */ = {
			isa = PBXShellScriptBuildPhase;
			buildActionMask = 2147483647;
			files = (
			);
			inputFileListPaths = (
			);
			inputPaths = (
				"${PODS_PODFILE_DIR_PATH}/Podfile.lock",
				"${PODS_ROOT}/Manifest.lock",
			);
			name = "[CP] Check Pods Manifest.lock";
			outputFileListPaths = (
			);
			outputPaths = (
				"$(DERIVED_FILE_DIR)/Pods-MyYugiOhCards-checkManifestLockResult.txt",
			);
			runOnlyForDeploymentPostprocessing = 0;
			shellPath = /bin/sh;
			shellScript = "diff \"${PODS_PODFILE_DIR_PATH}/Podfile.lock\" \"${PODS_ROOT}/Manifest.lock\" > /dev/null\nif [ $? != 0 ] ; then\n    # print error to STDERR\n    echo \"error: The sandbox is not in sync with the Podfile.lock. Run 'pod install' or update your CocoaPods installation.\" >&2\n    exit 1\nfi\n# This output is used by Xcode 'outputs' to avoid re-running this script phase.\necho \"SUCCESS\" > \"${SCRIPT_OUTPUT_FILE_0}\"\n";
			showEnvVarsInLog = 0;
		};
		45DF72483B708CDC24ADB245 /* [CP] Embed Pods Frameworks */ = {
			isa = PBXShellScriptBuildPhase;
			buildActionMask = 2147483647;
			files = (
			);
			inputFileListPaths = (
				"${PODS_ROOT}/Target Support Files/Pods-MyYugiOhCards/Pods-MyYugiOhCards-frameworks-${CONFIGURATION}-input-files.xcfilelist",
			);
			name = "[CP] Embed Pods Frameworks";
			outputFileListPaths = (
				"${PODS_ROOT}/Target Support Files/Pods-MyYugiOhCards/Pods-MyYugiOhCards-frameworks-${CONFIGURATION}-output-files.xcfilelist",
			);
			runOnlyForDeploymentPostprocessing = 0;
			shellPath = /bin/sh;
			shellScript = "\"${PODS_ROOT}/Target Support Files/Pods-MyYugiOhCards/Pods-MyYugiOhCards-frameworks.sh\"\n";
			showEnvVarsInLog = 0;
		};
		AEF715BF59DB57D306415C91 /* [CP] Check Pods Manifest.lock */ = {
			isa = PBXShellScriptBuildPhase;
			buildActionMask = 2147483647;
			files = (
			);
			inputFileListPaths = (
			);
			inputPaths = (
				"${PODS_PODFILE_DIR_PATH}/Podfile.lock",
				"${PODS_ROOT}/Manifest.lock",
			);
			name = "[CP] Check Pods Manifest.lock";
			outputFileListPaths = (
			);
			outputPaths = (
				"$(DERIVED_FILE_DIR)/Pods-MyYugiOhCardsTests-checkManifestLockResult.txt",
			);
			runOnlyForDeploymentPostprocessing = 0;
			shellPath = /bin/sh;
			shellScript = "diff \"${PODS_PODFILE_DIR_PATH}/Podfile.lock\" \"${PODS_ROOT}/Manifest.lock\" > /dev/null\nif [ $? != 0 ] ; then\n    # print error to STDERR\n    echo \"error: The sandbox is not in sync with the Podfile.lock. Run 'pod install' or update your CocoaPods installation.\" >&2\n    exit 1\nfi\n# This output is used by Xcode 'outputs' to avoid re-running this script phase.\necho \"SUCCESS\" > \"${SCRIPT_OUTPUT_FILE_0}\"\n";
			showEnvVarsInLog = 0;
		};
		BB989C04F4687C043FAC4CA0 /* [CP] Check Pods Manifest.lock */ = {
			isa = PBXShellScriptBuildPhase;
			buildActionMask = 2147483647;
			files = (
			);
			inputFileListPaths = (
			);
			inputPaths = (
				"${PODS_PODFILE_DIR_PATH}/Podfile.lock",
				"${PODS_ROOT}/Manifest.lock",
			);
			name = "[CP] Check Pods Manifest.lock";
			outputFileListPaths = (
			);
			outputPaths = (
				"$(DERIVED_FILE_DIR)/Pods-MyYugiOhCards-MyYugiOhCardsUITests-checkManifestLockResult.txt",
			);
			runOnlyForDeploymentPostprocessing = 0;
			shellPath = /bin/sh;
			shellScript = "diff \"${PODS_PODFILE_DIR_PATH}/Podfile.lock\" \"${PODS_ROOT}/Manifest.lock\" > /dev/null\nif [ $? != 0 ] ; then\n    # print error to STDERR\n    echo \"error: The sandbox is not in sync with the Podfile.lock. Run 'pod install' or update your CocoaPods installation.\" >&2\n    exit 1\nfi\n# This output is used by Xcode 'outputs' to avoid re-running this script phase.\necho \"SUCCESS\" > \"${SCRIPT_OUTPUT_FILE_0}\"\n";
			showEnvVarsInLog = 0;
		};
		DBE76D13C3E6545425E15B7E /* [CP] Embed Pods Frameworks */ = {
			isa = PBXShellScriptBuildPhase;
			buildActionMask = 2147483647;
			files = (
			);
			inputFileListPaths = (
				"${PODS_ROOT}/Target Support Files/Pods-MyYugiOhCards-MyYugiOhCardsUITests/Pods-MyYugiOhCards-MyYugiOhCardsUITests-frameworks-${CONFIGURATION}-input-files.xcfilelist",
			);
			name = "[CP] Embed Pods Frameworks";
			outputFileListPaths = (
				"${PODS_ROOT}/Target Support Files/Pods-MyYugiOhCards-MyYugiOhCardsUITests/Pods-MyYugiOhCards-MyYugiOhCardsUITests-frameworks-${CONFIGURATION}-output-files.xcfilelist",
			);
			runOnlyForDeploymentPostprocessing = 0;
			shellPath = /bin/sh;
			shellScript = "\"${PODS_ROOT}/Target Support Files/Pods-MyYugiOhCards-MyYugiOhCardsUITests/Pods-MyYugiOhCards-MyYugiOhCardsUITests-frameworks.sh\"\n";
			showEnvVarsInLog = 0;
		};
/* End PBXShellScriptBuildPhase section */

/* Begin PBXSourcesBuildPhase section */
		944A02B428A407A100B15EB2 /* Sources */ = {
			isa = PBXSourcesBuildPhase;
			buildActionMask = 2147483647;
			files = (
				944A02C028A407A100B15EB2 /* CardsListViewController.swift in Sources */,
				944A02F128A408E700B15EB2 /* YugiCards.swift in Sources */,
				944A02BC28A407A100B15EB2 /* AppDelegate.swift in Sources */,
				944A02BE28A407A100B15EB2 /* SceneDelegate.swift in Sources */,
			);
			runOnlyForDeploymentPostprocessing = 0;
		};
		944A02CA28A407A200B15EB2 /* Sources */ = {
			isa = PBXSourcesBuildPhase;
			buildActionMask = 2147483647;
			files = (
				944A02D328A407A200B15EB2 /* MyYugiOhCardsTests.swift in Sources */,
			);
			runOnlyForDeploymentPostprocessing = 0;
		};
		944A02D428A407A200B15EB2 /* Sources */ = {
			isa = PBXSourcesBuildPhase;
			buildActionMask = 2147483647;
			files = (
				944A02DD28A407A200B15EB2 /* MyYugiOhCardsUITests.swift in Sources */,
				944A02DF28A407A200B15EB2 /* MyYugiOhCardsUITestsLaunchTests.swift in Sources */,
			);
			runOnlyForDeploymentPostprocessing = 0;
		};
/* End PBXSourcesBuildPhase section */

/* Begin PBXTargetDependency section */
		944A02D028A407A200B15EB2 /* PBXTargetDependency */ = {
			isa = PBXTargetDependency;
			target = 944A02B728A407A100B15EB2 /* MyYugiOhCards */;
			targetProxy = 944A02CF28A407A200B15EB2 /* PBXContainerItemProxy */;
		};
		944A02DA28A407A200B15EB2 /* PBXTargetDependency */ = {
			isa = PBXTargetDependency;
			target = 944A02B728A407A100B15EB2 /* MyYugiOhCards */;
			targetProxy = 944A02D928A407A200B15EB2 /* PBXContainerItemProxy */;
		};
/* End PBXTargetDependency section */

/* Begin PBXVariantGroup section */
		944A02C628A407A200B15EB2 /* LaunchScreen.storyboard */ = {
			isa = PBXVariantGroup;
			children = (
				944A02C728A407A200B15EB2 /* Base */,
			);
			name = LaunchScreen.storyboard;
			sourceTree = "<group>";
		};
/* End PBXVariantGroup section */

/* Begin XCBuildConfiguration section */
		944A02E028A407A200B15EB2 /* Debug */ = {
			isa = XCBuildConfiguration;
			buildSettings = {
				ALWAYS_SEARCH_USER_PATHS = NO;
				CLANG_ANALYZER_NONNULL = YES;
				CLANG_ANALYZER_NUMBER_OBJECT_CONVERSION = YES_AGGRESSIVE;
				CLANG_CXX_LANGUAGE_STANDARD = "gnu++17";
				CLANG_ENABLE_MODULES = YES;
				CLANG_ENABLE_OBJC_ARC = YES;
				CLANG_ENABLE_OBJC_WEAK = YES;
				CLANG_WARN_BLOCK_CAPTURE_AUTORELEASING = YES;
				CLANG_WARN_BOOL_CONVERSION = YES;
				CLANG_WARN_COMMA = YES;
				CLANG_WARN_CONSTANT_CONVERSION = YES;
				CLANG_WARN_DEPRECATED_OBJC_IMPLEMENTATIONS = YES;
				CLANG_WARN_DIRECT_OBJC_ISA_USAGE = YES_ERROR;
				CLANG_WARN_DOCUMENTATION_COMMENTS = YES;
				CLANG_WARN_EMPTY_BODY = YES;
				CLANG_WARN_ENUM_CONVERSION = YES;
				CLANG_WARN_INFINITE_RECURSION = YES;
				CLANG_WARN_INT_CONVERSION = YES;
				CLANG_WARN_NON_LITERAL_NULL_CONVERSION = YES;
				CLANG_WARN_OBJC_IMPLICIT_RETAIN_SELF = YES;
				CLANG_WARN_OBJC_LITERAL_CONVERSION = YES;
				CLANG_WARN_OBJC_ROOT_CLASS = YES_ERROR;
				CLANG_WARN_QUOTED_INCLUDE_IN_FRAMEWORK_HEADER = YES;
				CLANG_WARN_RANGE_LOOP_ANALYSIS = YES;
				CLANG_WARN_STRICT_PROTOTYPES = YES;
				CLANG_WARN_SUSPICIOUS_MOVE = YES;
				CLANG_WARN_UNGUARDED_AVAILABILITY = YES_AGGRESSIVE;
				CLANG_WARN_UNREACHABLE_CODE = YES;
				CLANG_WARN__DUPLICATE_METHOD_MATCH = YES;
				COPY_PHASE_STRIP = NO;
				DEBUG_INFORMATION_FORMAT = dwarf;
				ENABLE_STRICT_OBJC_MSGSEND = YES;
				ENABLE_TESTABILITY = YES;
				GCC_C_LANGUAGE_STANDARD = gnu11;
				GCC_DYNAMIC_NO_PIC = NO;
				GCC_NO_COMMON_BLOCKS = YES;
				GCC_OPTIMIZATION_LEVEL = 0;
				GCC_PREPROCESSOR_DEFINITIONS = (
					"DEBUG=1",
					"$(inherited)",
				);
				GCC_WARN_64_TO_32_BIT_CONVERSION = YES;
				GCC_WARN_ABOUT_RETURN_TYPE = YES_ERROR;
				GCC_WARN_UNDECLARED_SELECTOR = YES;
				GCC_WARN_UNINITIALIZED_AUTOS = YES_AGGRESSIVE;
				GCC_WARN_UNUSED_FUNCTION = YES;
				GCC_WARN_UNUSED_VARIABLE = YES;
				IPHONEOS_DEPLOYMENT_TARGET = 15.5;
				MTL_ENABLE_DEBUG_INFO = INCLUDE_SOURCE;
				MTL_FAST_MATH = YES;
				ONLY_ACTIVE_ARCH = YES;
				SDKROOT = iphoneos;
				SWIFT_ACTIVE_COMPILATION_CONDITIONS = DEBUG;
				SWIFT_OPTIMIZATION_LEVEL = "-Onone";
			};
			name = Debug;
		};
		944A02E128A407A200B15EB2 /* Release */ = {
			isa = XCBuildConfiguration;
			buildSettings = {
				ALWAYS_SEARCH_USER_PATHS = NO;
				CLANG_ANALYZER_NONNULL = YES;
				CLANG_ANALYZER_NUMBER_OBJECT_CONVERSION = YES_AGGRESSIVE;
				CLANG_CXX_LANGUAGE_STANDARD = "gnu++17";
				CLANG_ENABLE_MODULES = YES;
				CLANG_ENABLE_OBJC_ARC = YES;
				CLANG_ENABLE_OBJC_WEAK = YES;
				CLANG_WARN_BLOCK_CAPTURE_AUTORELEASING = YES;
				CLANG_WARN_BOOL_CONVERSION = YES;
				CLANG_WARN_COMMA = YES;
				CLANG_WARN_CONSTANT_CONVERSION = YES;
				CLANG_WARN_DEPRECATED_OBJC_IMPLEMENTATIONS = YES;
				CLANG_WARN_DIRECT_OBJC_ISA_USAGE = YES_ERROR;
				CLANG_WARN_DOCUMENTATION_COMMENTS = YES;
				CLANG_WARN_EMPTY_BODY = YES;
				CLANG_WARN_ENUM_CONVERSION = YES;
				CLANG_WARN_INFINITE_RECURSION = YES;
				CLANG_WARN_INT_CONVERSION = YES;
				CLANG_WARN_NON_LITERAL_NULL_CONVERSION = YES;
				CLANG_WARN_OBJC_IMPLICIT_RETAIN_SELF = YES;
				CLANG_WARN_OBJC_LITERAL_CONVERSION = YES;
				CLANG_WARN_OBJC_ROOT_CLASS = YES_ERROR;
				CLANG_WARN_QUOTED_INCLUDE_IN_FRAMEWORK_HEADER = YES;
				CLANG_WARN_RANGE_LOOP_ANALYSIS = YES;
				CLANG_WARN_STRICT_PROTOTYPES = YES;
				CLANG_WARN_SUSPICIOUS_MOVE = YES;
				CLANG_WARN_UNGUARDED_AVAILABILITY = YES_AGGRESSIVE;
				CLANG_WARN_UNREACHABLE_CODE = YES;
				CLANG_WARN__DUPLICATE_METHOD_MATCH = YES;
				COPY_PHASE_STRIP = NO;
				DEBUG_INFORMATION_FORMAT = "dwarf-with-dsym";
				ENABLE_NS_ASSERTIONS = NO;
				ENABLE_STRICT_OBJC_MSGSEND = YES;
				GCC_C_LANGUAGE_STANDARD = gnu11;
				GCC_NO_COMMON_BLOCKS = YES;
				GCC_WARN_64_TO_32_BIT_CONVERSION = YES;
				GCC_WARN_ABOUT_RETURN_TYPE = YES_ERROR;
				GCC_WARN_UNDECLARED_SELECTOR = YES;
				GCC_WARN_UNINITIALIZED_AUTOS = YES_AGGRESSIVE;
				GCC_WARN_UNUSED_FUNCTION = YES;
				GCC_WARN_UNUSED_VARIABLE = YES;
				IPHONEOS_DEPLOYMENT_TARGET = 15.5;
				MTL_ENABLE_DEBUG_INFO = NO;
				MTL_FAST_MATH = YES;
				SDKROOT = iphoneos;
				SWIFT_COMPILATION_MODE = wholemodule;
				SWIFT_OPTIMIZATION_LEVEL = "-O";
				VALIDATE_PRODUCT = YES;
			};
			name = Release;
		};
		944A02E328A407A200B15EB2 /* Debug */ = {
			isa = XCBuildConfiguration;
			baseConfigurationReference = 4516F5A912B2E287C0BA7E0F /* Pods-MyYugiOhCards.debug.xcconfig */;
			buildSettings = {
				ASSETCATALOG_COMPILER_APPICON_NAME = AppIcon;
				ASSETCATALOG_COMPILER_GLOBAL_ACCENT_COLOR_NAME = AccentColor;
				CODE_SIGN_STYLE = Automatic;
				CURRENT_PROJECT_VERSION = 1;
				GENERATE_INFOPLIST_FILE = YES;
				INFOPLIST_FILE = MyYugiOhCards/Info.plist;
				INFOPLIST_KEY_UIApplicationSupportsIndirectInputEvents = YES;
				INFOPLIST_KEY_UILaunchStoryboardName = LaunchScreen;
				INFOPLIST_KEY_UISupportedInterfaceOrientations_iPad = "UIInterfaceOrientationPortrait UIInterfaceOrientationPortraitUpsideDown UIInterfaceOrientationLandscapeLeft UIInterfaceOrientationLandscapeRight";
				INFOPLIST_KEY_UISupportedInterfaceOrientations_iPhone = "UIInterfaceOrientationPortrait UIInterfaceOrientationLandscapeLeft UIInterfaceOrientationLandscapeRight";
				LD_RUNPATH_SEARCH_PATHS = (
					"$(inherited)",
					"@executable_path/Frameworks",
				);
				MARKETING_VERSION = 1.0;
				PRODUCT_BUNDLE_IDENTIFIER = giba.MyYugiOhCards;
				PRODUCT_NAME = "$(TARGET_NAME)";
				SWIFT_EMIT_LOC_STRINGS = YES;
				SWIFT_VERSION = 5.0;
				TARGETED_DEVICE_FAMILY = "1,2";
			};
			name = Debug;
		};
		944A02E428A407A200B15EB2 /* Release */ = {
			isa = XCBuildConfiguration;
			baseConfigurationReference = D6A8E67D1DD95943792E5EAA /* Pods-MyYugiOhCards.release.xcconfig */;
			buildSettings = {
				ASSETCATALOG_COMPILER_APPICON_NAME = AppIcon;
				ASSETCATALOG_COMPILER_GLOBAL_ACCENT_COLOR_NAME = AccentColor;
				CODE_SIGN_STYLE = Automatic;
				CURRENT_PROJECT_VERSION = 1;
				GENERATE_INFOPLIST_FILE = YES;
				INFOPLIST_FILE = MyYugiOhCards/Info.plist;
				INFOPLIST_KEY_UIApplicationSupportsIndirectInputEvents = YES;
				INFOPLIST_KEY_UILaunchStoryboardName = LaunchScreen;
				INFOPLIST_KEY_UISupportedInterfaceOrientations_iPad = "UIInterfaceOrientationPortrait UIInterfaceOrientationPortraitUpsideDown UIInterfaceOrientationLandscapeLeft UIInterfaceOrientationLandscapeRight";
				INFOPLIST_KEY_UISupportedInterfaceOrientations_iPhone = "UIInterfaceOrientationPortrait UIInterfaceOrientationLandscapeLeft UIInterfaceOrientationLandscapeRight";
				LD_RUNPATH_SEARCH_PATHS = (
					"$(inherited)",
					"@executable_path/Frameworks",
				);
				MARKETING_VERSION = 1.0;
				PRODUCT_BUNDLE_IDENTIFIER = giba.MyYugiOhCards;
				PRODUCT_NAME = "$(TARGET_NAME)";
				SWIFT_EMIT_LOC_STRINGS = YES;
				SWIFT_VERSION = 5.0;
				TARGETED_DEVICE_FAMILY = "1,2";
			};
			name = Release;
		};
		944A02E628A407A200B15EB2 /* Debug */ = {
			isa = XCBuildConfiguration;
			baseConfigurationReference = A1FBFEAB3EB5B27846756823 /* Pods-MyYugiOhCardsTests.debug.xcconfig */;
			buildSettings = {
				ALWAYS_EMBED_SWIFT_STANDARD_LIBRARIES = YES;
				BUNDLE_LOADER = "$(TEST_HOST)";
				CODE_SIGN_STYLE = Automatic;
				CURRENT_PROJECT_VERSION = 1;
				GENERATE_INFOPLIST_FILE = YES;
				IPHONEOS_DEPLOYMENT_TARGET = 15.5;
				MARKETING_VERSION = 1.0;
				PRODUCT_BUNDLE_IDENTIFIER = giba.MyYugiOhCardsTests;
				PRODUCT_NAME = "$(TARGET_NAME)";
				SWIFT_EMIT_LOC_STRINGS = NO;
				SWIFT_VERSION = 5.0;
				TARGETED_DEVICE_FAMILY = "1,2";
				TEST_HOST = "$(BUILT_PRODUCTS_DIR)/MyYugiOhCards.app/MyYugiOhCards";
			};
			name = Debug;
		};
		944A02E728A407A200B15EB2 /* Release */ = {
			isa = XCBuildConfiguration;
			baseConfigurationReference = 88636D5827149C5B66D1F253 /* Pods-MyYugiOhCardsTests.release.xcconfig */;
			buildSettings = {
				ALWAYS_EMBED_SWIFT_STANDARD_LIBRARIES = YES;
				BUNDLE_LOADER = "$(TEST_HOST)";
				CODE_SIGN_STYLE = Automatic;
				CURRENT_PROJECT_VERSION = 1;
				GENERATE_INFOPLIST_FILE = YES;
				IPHONEOS_DEPLOYMENT_TARGET = 15.5;
				MARKETING_VERSION = 1.0;
				PRODUCT_BUNDLE_IDENTIFIER = giba.MyYugiOhCardsTests;
				PRODUCT_NAME = "$(TARGET_NAME)";
				SWIFT_EMIT_LOC_STRINGS = NO;
				SWIFT_VERSION = 5.0;
				TARGETED_DEVICE_FAMILY = "1,2";
				TEST_HOST = "$(BUILT_PRODUCTS_DIR)/MyYugiOhCards.app/MyYugiOhCards";
			};
			name = Release;
		};
		944A02E928A407A200B15EB2 /* Debug */ = {
			isa = XCBuildConfiguration;
			baseConfigurationReference = 58FA73B4F1561E3F9183638E /* Pods-MyYugiOhCards-MyYugiOhCardsUITests.debug.xcconfig */;
			buildSettings = {
				ALWAYS_EMBED_SWIFT_STANDARD_LIBRARIES = YES;
				CODE_SIGN_STYLE = Automatic;
				CURRENT_PROJECT_VERSION = 1;
				GENERATE_INFOPLIST_FILE = YES;
				MARKETING_VERSION = 1.0;
				PRODUCT_BUNDLE_IDENTIFIER = giba.MyYugiOhCardsUITests;
				PRODUCT_NAME = "$(TARGET_NAME)";
				SWIFT_EMIT_LOC_STRINGS = NO;
				SWIFT_VERSION = 5.0;
				TARGETED_DEVICE_FAMILY = "1,2";
				TEST_TARGET_NAME = MyYugiOhCards;
			};
			name = Debug;
		};
		944A02EA28A407A200B15EB2 /* Release */ = {
			isa = XCBuildConfiguration;
			baseConfigurationReference = 9D5EB27949A73114D762D823 /* Pods-MyYugiOhCards-MyYugiOhCardsUITests.release.xcconfig */;
			buildSettings = {
				ALWAYS_EMBED_SWIFT_STANDARD_LIBRARIES = YES;
				CODE_SIGN_STYLE = Automatic;
				CURRENT_PROJECT_VERSION = 1;
				GENERATE_INFOPLIST_FILE = YES;
				MARKETING_VERSION = 1.0;
				PRODUCT_BUNDLE_IDENTIFIER = giba.MyYugiOhCardsUITests;
				PRODUCT_NAME = "$(TARGET_NAME)";
				SWIFT_EMIT_LOC_STRINGS = NO;
				SWIFT_VERSION = 5.0;
				TARGETED_DEVICE_FAMILY = "1,2";
				TEST_TARGET_NAME = MyYugiOhCards;
			};
			name = Release;
		};
/* End XCBuildConfiguration section */

/* Begin XCConfigurationList section */
		944A02B328A407A100B15EB2 /* Build configuration list for PBXProject "MyYugiOhCards" */ = {
			isa = XCConfigurationList;
			buildConfigurations = (
				944A02E028A407A200B15EB2 /* Debug */,
				944A02E128A407A200B15EB2 /* Release */,
			);
			defaultConfigurationIsVisible = 0;
			defaultConfigurationName = Release;
		};
		944A02E228A407A200B15EB2 /* Build configuration list for PBXNativeTarget "MyYugiOhCards" */ = {
			isa = XCConfigurationList;
			buildConfigurations = (
				944A02E328A407A200B15EB2 /* Debug */,
				944A02E428A407A200B15EB2 /* Release */,
			);
			defaultConfigurationIsVisible = 0;
			defaultConfigurationName = Release;
		};
		944A02E528A407A200B15EB2 /* Build configuration list for PBXNativeTarget "MyYugiOhCardsTests" */ = {
			isa = XCConfigurationList;
			buildConfigurations = (
				944A02E628A407A200B15EB2 /* Debug */,
				944A02E728A407A200B15EB2 /* Release */,
			);
			defaultConfigurationIsVisible = 0;
			defaultConfigurationName = Release;
		};
		944A02E828A407A200B15EB2 /* Build configuration list for PBXNativeTarget "MyYugiOhCardsUITests" */ = {
			isa = XCConfigurationList;
			buildConfigurations = (
				944A02E928A407A200B15EB2 /* Debug */,
				944A02EA28A407A200B15EB2 /* Release */,
			);
			defaultConfigurationIsVisible = 0;
			defaultConfigurationName = Release;
		};
/* End XCConfigurationList section */
	};
	rootObject = 944A02B028A407A100B15EB2 /* Project object */;
}
